
Microsoft Visual Studio Solution File, Format Version 9.00
# Visual Studio 2005
Project("{8BC9CEB8-8B4A-11D0-8D11-00A0C91BC942}") = "agg_seg", "win32\msdev\programs\agg_seg\agg_seg.vcproj", "{76E7E46F-944A-46B7-9D22-77466CCA320D}"
	ProjectSection(ProjectDependencies) = postProject
		{C5392DBC-E1EC-4801-A532-C278C63AC445} = {C5392DBC-E1EC-4801-A532-C278C63AC445}
		{C26CD31C-8EB5-4A9C-8F8F-053F44036A6F} = {C26CD31C-8EB5-4A9C-8F8F-053F44036A6F}
		{D9A5B221-378C-4B99-8460-AD3187D10FBD} = {D9A5B221-378C-4B99-8460-AD3187D10FBD}
		{A07FF398-A675-4546-A1A4-94330982B260} = {A07FF398-A675-4546-A1A4-94330982B260}
		{BA86ABD2-5DAF-412D-84FA-41BB273C5B34} = {BA86ABD2-5DAF-412D-84FA-41BB273C5B34}
		{3B278060-750D-4918-AE03-1B8F2ED32DD6} = {3B278060-750D-4918-AE03-1B8F2ED32DD6}
		{1AF38439-3E6E-4814-B12E-20ADCAB8374A} = {1AF38439-3E6E-4814-B12E-20ADCAB8374A}
	EndProjectSection
EndProject
Project("{8BC9CEB8-8B4A-11D0-8D11-00A0C91BC942}") = "bldtree", "win32\msdev\programs\bldtree\bldtree.vcproj", "{039FCB21-1E79-4449-857E-A53FC3023617}"
	ProjectSection(ProjectDependencies) = postProject
		{C5392DBC-E1EC-4801-A532-C278C63AC445} = {C5392DBC-E1EC-4801-A532-C278C63AC445}
		{C26CD31C-8EB5-4A9C-8F8F-053F44036A6F} = {C26CD31C-8EB5-4A9C-8F8F-053F44036A6F}
		{D9A5B221-378C-4B99-8460-AD3187D10FBD} = {D9A5B221-378C-4B99-8460-AD3187D10FBD}
		{A07FF398-A675-4546-A1A4-94330982B260} = {A07FF398-A675-4546-A1A4-94330982B260}
		{BA86ABD2-5DAF-412D-84FA-41BB273C5B34} = {BA86ABD2-5DAF-412D-84FA-41BB273C5B34}
		{3B278060-750D-4918-AE03-1B8F2ED32DD6} = {3B278060-750D-4918-AE03-1B8F2ED32DD6}
		{1AF38439-3E6E-4814-B12E-20ADCAB8374A} = {1AF38439-3E6E-4814-B12E-20ADCAB8374A}
	EndProjectSection
EndProject
Project("{8BC9CEB8-8B4A-11D0-8D11-00A0C91BC942}") = "bw", "win32\msdev\programs\bw\bw.vcproj", "{5AB457D3-B84E-4567-97C4-E3B1A4594D24}"
	ProjectSection(ProjectDependencies) = postProject
		{C5392DBC-E1EC-4801-A532-C278C63AC445} = {C5392DBC-E1EC-4801-A532-C278C63AC445}
		{C26CD31C-8EB5-4A9C-8F8F-053F44036A6F} = {C26CD31C-8EB5-4A9C-8F8F-053F44036A6F}
		{D9A5B221-378C-4B99-8460-AD3187D10FBD} = {D9A5B221-378C-4B99-8460-AD3187D10FBD}
		{A07FF398-A675-4546-A1A4-94330982B260} = {A07FF398-A675-4546-A1A4-94330982B260}
		{BA86ABD2-5DAF-412D-84FA-41BB273C5B34} = {BA86ABD2-5DAF-412D-84FA-41BB273C5B34}
		{3B278060-750D-4918-AE03-1B8F2ED32DD6} = {3B278060-750D-4918-AE03-1B8F2ED32DD6}
		{1AF38439-3E6E-4814-B12E-20ADCAB8374A} = {1AF38439-3E6E-4814-B12E-20ADCAB8374A}
	EndProjectSection
EndProject
Project("{8BC9CEB8-8B4A-11D0-8D11-00A0C91BC942}") = "cp_parm", "win32\msdev\programs\cp_parm\cp_parm.vcproj", "{29EE20F8-56F7-49C4-B301-8C914A299FF7}"
	ProjectSection(ProjectDependencies) = postProject
		{C5392DBC-E1EC-4801-A532-C278C63AC445} = {C5392DBC-E1EC-4801-A532-C278C63AC445}
		{C26CD31C-8EB5-4A9C-8F8F-053F44036A6F} = {C26CD31C-8EB5-4A9C-8F8F-053F44036A6F}
		{D9A5B221-378C-4B99-8460-AD3187D10FBD} = {D9A5B221-378C-4B99-8460-AD3187D10FBD}
		{A07FF398-A675-4546-A1A4-94330982B260} = {A07FF398-A675-4546-A1A4-94330982B260}
		{BA86ABD2-5DAF-412D-84FA-41BB273C5B34} = {BA86ABD2-5DAF-412D-84FA-41BB273C5B34}
		{3B278060-750D-4918-AE03-1B8F2ED32DD6} = {3B278060-750D-4918-AE03-1B8F2ED32DD6}
		{1AF38439-3E6E-4814-B12E-20ADCAB8374A} = {1AF38439-3E6E-4814-B12E-20ADCAB8374A}
	EndProjectSection
EndProject
Project("{8BC9CEB8-8B4A-11D0-8D11-00A0C91BC942}") = "delint", "win32\msdev\programs\delint\delint.vcproj", "{11408BB4-709F-463B-85FF-1A2C76EF9F65}"
	ProjectSection(ProjectDependencies) = postProject
		{C5392DBC-E1EC-4801-A532-C278C63AC445} = {C5392DBC-E1EC-4801-A532-C278C63AC445}
		{C26CD31C-8EB5-4A9C-8F8F-053F44036A6F} = {C26CD31C-8EB5-4A9C-8F8F-053F44036A6F}
		{D9A5B221-378C-4B99-8460-AD3187D10FBD} = {D9A5B221-378C-4B99-8460-AD3187D10FBD}
		{A07FF398-A675-4546-A1A4-94330982B260} = {A07FF398-A675-4546-A1A4-94330982B260}
		{BA86ABD2-5DAF-412D-84FA-41BB273C5B34} = {BA86ABD2-5DAF-412D-84FA-41BB273C5B34}
		{3B278060-750D-4918-AE03-1B8F2ED32DD6} = {3B278060-750D-4918-AE03-1B8F2ED32DD6}
		{1AF38439-3E6E-4814-B12E-20ADCAB8374A} = {1AF38439-3E6E-4814-B12E-20ADCAB8374A}
	EndProjectSection
EndProject
Project("{8BC9CEB8-8B4A-11D0-8D11-00A0C91BC942}") = "dict2tri", "win32\msdev\programs\dict2tri\dict2tri.vcproj", "{05351D24-421B-4F0B-BFD8-40AC76A354AF}"
	ProjectSection(ProjectDependencies) = postProject
		{C5392DBC-E1EC-4801-A532-C278C63AC445} = {C5392DBC-E1EC-4801-A532-C278C63AC445}
		{C26CD31C-8EB5-4A9C-8F8F-053F44036A6F} = {C26CD31C-8EB5-4A9C-8F8F-053F44036A6F}
		{D9A5B221-378C-4B99-8460-AD3187D10FBD} = {D9A5B221-378C-4B99-8460-AD3187D10FBD}
		{A07FF398-A675-4546-A1A4-94330982B260} = {A07FF398-A675-4546-A1A4-94330982B260}
		{BA86ABD2-5DAF-412D-84FA-41BB273C5B34} = {BA86ABD2-5DAF-412D-84FA-41BB273C5B34}
		{3B278060-750D-4918-AE03-1B8F2ED32DD6} = {3B278060-750D-4918-AE03-1B8F2ED32DD6}
		{1AF38439-3E6E-4814-B12E-20ADCAB8374A} = {1AF38439-3E6E-4814-B12E-20ADCAB8374A}
	EndProjectSection
EndProject
Project("{8BC9CEB8-8B4A-11D0-8D11-00A0C91BC942}") = "inc_comp", "win32\msdev\programs\inc_comp\inc_comp.vcproj", "{F3D1D053-5B0F-4395-9B8F-C421B9DA7FCD}"
	ProjectSection(ProjectDependencies) = postProject
		{C5392DBC-E1EC-4801-A532-C278C63AC445} = {C5392DBC-E1EC-4801-A532-C278C63AC445}
		{C26CD31C-8EB5-4A9C-8F8F-053F44036A6F} = {C26CD31C-8EB5-4A9C-8F8F-053F44036A6F}
		{D9A5B221-378C-4B99-8460-AD3187D10FBD} = {D9A5B221-378C-4B99-8460-AD3187D10FBD}
		{A07FF398-A675-4546-A1A4-94330982B260} = {A07FF398-A675-4546-A1A4-94330982B260}
		{BA86ABD2-5DAF-412D-84FA-41BB273C5B34} = {BA86ABD2-5DAF-412D-84FA-41BB273C5B34}
		{3B278060-750D-4918-AE03-1B8F2ED32DD6} = {3B278060-750D-4918-AE03-1B8F2ED32DD6}
		{1AF38439-3E6E-4814-B12E-20ADCAB8374A} = {1AF38439-3E6E-4814-B12E-20ADCAB8374A}
	EndProjectSection
EndProject
Project("{8BC9CEB8-8B4A-11D0-8D11-00A0C91BC942}") = "init_gau", "win32\msdev\programs\init_gau\init_gau.vcproj", "{B6F504F7-6328-4478-B9DD-C03016239115}"
	ProjectSection(ProjectDependencies) = postProject
		{C5392DBC-E1EC-4801-A532-C278C63AC445} = {C5392DBC-E1EC-4801-A532-C278C63AC445}
		{C26CD31C-8EB5-4A9C-8F8F-053F44036A6F} = {C26CD31C-8EB5-4A9C-8F8F-053F44036A6F}
		{D9A5B221-378C-4B99-8460-AD3187D10FBD} = {D9A5B221-378C-4B99-8460-AD3187D10FBD}
		{A07FF398-A675-4546-A1A4-94330982B260} = {A07FF398-A675-4546-A1A4-94330982B260}
		{BA86ABD2-5DAF-412D-84FA-41BB273C5B34} = {BA86ABD2-5DAF-412D-84FA-41BB273C5B34}
		{3B278060-750D-4918-AE03-1B8F2ED32DD6} = {3B278060-750D-4918-AE03-1B8F2ED32DD6}
		{1AF38439-3E6E-4814-B12E-20ADCAB8374A} = {1AF38439-3E6E-4814-B12E-20ADCAB8374A}
	EndProjectSection
EndProject
Project("{8BC9CEB8-8B4A-11D0-8D11-00A0C91BC942}") = "init_mixw", "win32\msdev\programs\init_mixw\init_mixw.vcproj", "{4A811EDC-BC16-4651-B596-030E2543077E}"
	ProjectSection(ProjectDependencies) = postProject
		{C5392DBC-E1EC-4801-A532-C278C63AC445} = {C5392DBC-E1EC-4801-A532-C278C63AC445}
		{C26CD31C-8EB5-4A9C-8F8F-053F44036A6F} = {C26CD31C-8EB5-4A9C-8F8F-053F44036A6F}
		{D9A5B221-378C-4B99-8460-AD3187D10FBD} = {D9A5B221-378C-4B99-8460-AD3187D10FBD}
		{A07FF398-A675-4546-A1A4-94330982B260} = {A07FF398-A675-4546-A1A4-94330982B260}
		{BA86ABD2-5DAF-412D-84FA-41BB273C5B34} = {BA86ABD2-5DAF-412D-84FA-41BB273C5B34}
		{3B278060-750D-4918-AE03-1B8F2ED32DD6} = {3B278060-750D-4918-AE03-1B8F2ED32DD6}
		{1AF38439-3E6E-4814-B12E-20ADCAB8374A} = {1AF38439-3E6E-4814-B12E-20ADCAB8374A}
	EndProjectSection
EndProject
Project("{8BC9CEB8-8B4A-11D0-8D11-00A0C91BC942}") = "kdtree", "win32\msdev\programs\kdtree\kdtree.vcproj", "{A7D97925-CDDD-4819-8A7F-66992FF05C24}"
	ProjectSection(ProjectDependencies) = postProject
		{C5392DBC-E1EC-4801-A532-C278C63AC445} = {C5392DBC-E1EC-4801-A532-C278C63AC445}
		{C26CD31C-8EB5-4A9C-8F8F-053F44036A6F} = {C26CD31C-8EB5-4A9C-8F8F-053F44036A6F}
		{D9A5B221-378C-4B99-8460-AD3187D10FBD} = {D9A5B221-378C-4B99-8460-AD3187D10FBD}
		{A07FF398-A675-4546-A1A4-94330982B260} = {A07FF398-A675-4546-A1A4-94330982B260}
		{BA86ABD2-5DAF-412D-84FA-41BB273C5B34} = {BA86ABD2-5DAF-412D-84FA-41BB273C5B34}
		{3B278060-750D-4918-AE03-1B8F2ED32DD6} = {3B278060-750D-4918-AE03-1B8F2ED32DD6}
		{1AF38439-3E6E-4814-B12E-20ADCAB8374A} = {1AF38439-3E6E-4814-B12E-20ADCAB8374A}
	EndProjectSection
EndProject
Project("{8BC9CEB8-8B4A-11D0-8D11-00A0C91BC942}") = "kmeans_init", "win32\msdev\programs\kmeans_init\kmeans_init.vcproj", "{F7FCA232-7253-470B-8254-186710026F32}"
	ProjectSection(ProjectDependencies) = postProject
		{C5392DBC-E1EC-4801-A532-C278C63AC445} = {C5392DBC-E1EC-4801-A532-C278C63AC445}
		{C26CD31C-8EB5-4A9C-8F8F-053F44036A6F} = {C26CD31C-8EB5-4A9C-8F8F-053F44036A6F}
		{D9A5B221-378C-4B99-8460-AD3187D10FBD} = {D9A5B221-378C-4B99-8460-AD3187D10FBD}
		{A07FF398-A675-4546-A1A4-94330982B260} = {A07FF398-A675-4546-A1A4-94330982B260}
		{BA86ABD2-5DAF-412D-84FA-41BB273C5B34} = {BA86ABD2-5DAF-412D-84FA-41BB273C5B34}
		{3B278060-750D-4918-AE03-1B8F2ED32DD6} = {3B278060-750D-4918-AE03-1B8F2ED32DD6}
		{1AF38439-3E6E-4814-B12E-20ADCAB8374A} = {1AF38439-3E6E-4814-B12E-20ADCAB8374A}
	EndProjectSection
EndProject
Project("{8BC9CEB8-8B4A-11D0-8D11-00A0C91BC942}") = "lda_train", "win32\msdev\programs\lda_train\lda_train.vcproj", "{D587B047-28AA-4F77-8206-95EBECA1B38B}"
	ProjectSection(ProjectDependencies) = postProject
		{C5392DBC-E1EC-4801-A532-C278C63AC445} = {C5392DBC-E1EC-4801-A532-C278C63AC445}
		{C26CD31C-8EB5-4A9C-8F8F-053F44036A6F} = {C26CD31C-8EB5-4A9C-8F8F-053F44036A6F}
		{D9A5B221-378C-4B99-8460-AD3187D10FBD} = {D9A5B221-378C-4B99-8460-AD3187D10FBD}
		{A07FF398-A675-4546-A1A4-94330982B260} = {A07FF398-A675-4546-A1A4-94330982B260}
		{BA86ABD2-5DAF-412D-84FA-41BB273C5B34} = {BA86ABD2-5DAF-412D-84FA-41BB273C5B34}
		{3B278060-750D-4918-AE03-1B8F2ED32DD6} = {3B278060-750D-4918-AE03-1B8F2ED32DD6}
		{1AF38439-3E6E-4814-B12E-20ADCAB8374A} = {1AF38439-3E6E-4814-B12E-20ADCAB8374A}
	EndProjectSection
EndProject
Project("{8BC9CEB8-8B4A-11D0-8D11-00A0C91BC942}") = "libcep_feat", "win32\msdev\libs\libcep_feat\libcep_feat.vcproj", "{1AF38439-3E6E-4814-B12E-20ADCAB8374A}"
EndProject
Project("{8BC9CEB8-8B4A-11D0-8D11-00A0C91BC942}") = "libclust", "win32\msdev\libs\libclust\libclust.vcproj", "{BA86ABD2-5DAF-412D-84FA-41BB273C5B34}"
EndProject
Project("{8BC9CEB8-8B4A-11D0-8D11-00A0C91BC942}") = "libcommon", "win32\msdev\libs\libcommon\libcommon.vcproj", "{3B278060-750D-4918-AE03-1B8F2ED32DD6}"
EndProject
Project("{8BC9CEB8-8B4A-11D0-8D11-00A0C91BC942}") = "libio", "win32\msdev\libs\libio\libio.vcproj", "{C5392DBC-E1EC-4801-A532-C278C63AC445}"
EndProject
Project("{8BC9CEB8-8B4A-11D0-8D11-00A0C91BC942}") = "liblapack_lite", "win32\msdev\libs\liblapack_lite\liblapack_lite.vcproj", "{E7BB83AD-6AD0-4BB2-A1AD-30CA6599153C}"
EndProject
Project("{8BC9CEB8-8B4A-11D0-8D11-00A0C91BC942}") = "libmllr", "win32\msdev\libs\libmllr\libmllr.vcproj", "{A07FF398-A675-4546-A1A4-94330982B260}"
	ProjectSection(ProjectDependencies) = postProject
		{E7BB83AD-6AD0-4BB2-A1AD-30CA6599153C} = {E7BB83AD-6AD0-4BB2-A1AD-30CA6599153C}
	EndProjectSection
EndProject
Project("{8BC9CEB8-8B4A-11D0-8D11-00A0C91BC942}") = "libmodinv", "win32\msdev\libs\libmodinv\libmodinv.vcproj", "{D9A5B221-378C-4B99-8460-AD3187D10FBD}"
EndProject
Project("{8BC9CEB8-8B4A-11D0-8D11-00A0C91BC942}") = "libs2io", "win32\msdev\libs\libs2io\libs2io.vcproj", "{C26CD31C-8EB5-4A9C-8F8F-053F44036A6F}"
EndProject
Project("{8BC9CEB8-8B4A-11D0-8D11-00A0C91BC942}") = "make_quests", "win32\msdev\programs\make_quests\make_quests.vcproj", "{E4A5E192-9113-4CAC-8B23-1F28F92638A9}"
	ProjectSection(ProjectDependencies) = postProject
		{C5392DBC-E1EC-4801-A532-C278C63AC445} = {C5392DBC-E1EC-4801-A532-C278C63AC445}
		{C26CD31C-8EB5-4A9C-8F8F-053F44036A6F} = {C26CD31C-8EB5-4A9C-8F8F-053F44036A6F}
		{D9A5B221-378C-4B99-8460-AD3187D10FBD} = {D9A5B221-378C-4B99-8460-AD3187D10FBD}
		{A07FF398-A675-4546-A1A4-94330982B260} = {A07FF398-A675-4546-A1A4-94330982B260}
		{BA86ABD2-5DAF-412D-84FA-41BB273C5B34} = {BA86ABD2-5DAF-412D-84FA-41BB273C5B34}
		{3B278060-750D-4918-AE03-1B8F2ED32DD6} = {3B278060-750D-4918-AE03-1B8F2ED32DD6}
		{1AF38439-3E6E-4814-B12E-20ADCAB8374A} = {1AF38439-3E6E-4814-B12E-20ADCAB8374A}
	EndProjectSection
EndProject
Project("{8BC9CEB8-8B4A-11D0-8D11-00A0C91BC942}") = "map_adapt", "win32\msdev\programs\map_adapt\map_adapt.vcproj", "{8C20DB0A-9B28-44F1-81BA-F43C55E26730}"
	ProjectSection(ProjectDependencies) = postProject
		{C5392DBC-E1EC-4801-A532-C278C63AC445} = {C5392DBC-E1EC-4801-A532-C278C63AC445}
		{C26CD31C-8EB5-4A9C-8F8F-053F44036A6F} = {C26CD31C-8EB5-4A9C-8F8F-053F44036A6F}
		{D9A5B221-378C-4B99-8460-AD3187D10FBD} = {D9A5B221-378C-4B99-8460-AD3187D10FBD}
		{A07FF398-A675-4546-A1A4-94330982B260} = {A07FF398-A675-4546-A1A4-94330982B260}
		{BA86ABD2-5DAF-412D-84FA-41BB273C5B34} = {BA86ABD2-5DAF-412D-84FA-41BB273C5B34}
		{3B278060-750D-4918-AE03-1B8F2ED32DD6} = {3B278060-750D-4918-AE03-1B8F2ED32DD6}
		{1AF38439-3E6E-4814-B12E-20ADCAB8374A} = {1AF38439-3E6E-4814-B12E-20ADCAB8374A}
	EndProjectSection
EndProject
Project("{8BC9CEB8-8B4A-11D0-8D11-00A0C91BC942}") = "mixw_interp", "win32\msdev\programs\mixw_interp\mixw_interp.vcproj", "{A494CAF2-BFEF-49EA-AFED-F61BF3B32BB4}"
	ProjectSection(ProjectDependencies) = postProject
		{C5392DBC-E1EC-4801-A532-C278C63AC445} = {C5392DBC-E1EC-4801-A532-C278C63AC445}
		{C26CD31C-8EB5-4A9C-8F8F-053F44036A6F} = {C26CD31C-8EB5-4A9C-8F8F-053F44036A6F}
		{D9A5B221-378C-4B99-8460-AD3187D10FBD} = {D9A5B221-378C-4B99-8460-AD3187D10FBD}
		{A07FF398-A675-4546-A1A4-94330982B260} = {A07FF398-A675-4546-A1A4-94330982B260}
		{BA86ABD2-5DAF-412D-84FA-41BB273C5B34} = {BA86ABD2-5DAF-412D-84FA-41BB273C5B34}
		{3B278060-750D-4918-AE03-1B8F2ED32DD6} = {3B278060-750D-4918-AE03-1B8F2ED32DD6}
		{1AF38439-3E6E-4814-B12E-20ADCAB8374A} = {1AF38439-3E6E-4814-B12E-20ADCAB8374A}
	EndProjectSection
EndProject
Project("{8BC9CEB8-8B4A-11D0-8D11-00A0C91BC942}") = "mk_flat", "win32\msdev\programs\mk_flat\mk_flat.vcproj", "{0BAA1374-C506-4E7F-AFE7-98A92B4DF84E}"
	ProjectSection(ProjectDependencies) = postProject
		{C5392DBC-E1EC-4801-A532-C278C63AC445} = {C5392DBC-E1EC-4801-A532-C278C63AC445}
		{C26CD31C-8EB5-4A9C-8F8F-053F44036A6F} = {C26CD31C-8EB5-4A9C-8F8F-053F44036A6F}
		{D9A5B221-378C-4B99-8460-AD3187D10FBD} = {D9A5B221-378C-4B99-8460-AD3187D10FBD}
		{A07FF398-A675-4546-A1A4-94330982B260} = {A07FF398-A675-4546-A1A4-94330982B260}
		{BA86ABD2-5DAF-412D-84FA-41BB273C5B34} = {BA86ABD2-5DAF-412D-84FA-41BB273C5B34}
		{3B278060-750D-4918-AE03-1B8F2ED32DD6} = {3B278060-750D-4918-AE03-1B8F2ED32DD6}
		{1AF38439-3E6E-4814-B12E-20ADCAB8374A} = {1AF38439-3E6E-4814-B12E-20ADCAB8374A}
	EndProjectSection
EndProject
Project("{8BC9CEB8-8B4A-11D0-8D11-00A0C91BC942}") = "mk_mdef_gen", "win32\msdev\programs\mk_mdef_gen\mk_mdef_gen.vcproj", "{1CA2DB8D-B234-4003-9D56-6C8F47DFA2CD}"
	ProjectSection(ProjectDependencies) = postProject
		{C5392DBC-E1EC-4801-A532-C278C63AC445} = {C5392DBC-E1EC-4801-A532-C278C63AC445}
		{C26CD31C-8EB5-4A9C-8F8F-053F44036A6F} = {C26CD31C-8EB5-4A9C-8F8F-053F44036A6F}
		{D9A5B221-378C-4B99-8460-AD3187D10FBD} = {D9A5B221-378C-4B99-8460-AD3187D10FBD}
		{A07FF398-A675-4546-A1A4-94330982B260} = {A07FF398-A675-4546-A1A4-94330982B260}
		{BA86ABD2-5DAF-412D-84FA-41BB273C5B34} = {BA86ABD2-5DAF-412D-84FA-41BB273C5B34}
		{3B278060-750D-4918-AE03-1B8F2ED32DD6} = {3B278060-750D-4918-AE03-1B8F2ED32DD6}
		{1AF38439-3E6E-4814-B12E-20ADCAB8374A} = {1AF38439-3E6E-4814-B12E-20ADCAB8374A}
	EndProjectSection
EndProject
Project("{8BC9CEB8-8B4A-11D0-8D11-00A0C91BC942}") = "mk_mllr_class", "win32\msdev\programs\mk_mllr_class\mk_mllr_class.vcproj", "{0A5E0D1C-38CC-4F84-A426-60E831C1BCAF}"
	ProjectSection(ProjectDependencies) = postProject
		{C5392DBC-E1EC-4801-A532-C278C63AC445} = {C5392DBC-E1EC-4801-A532-C278C63AC445}
		{C26CD31C-8EB5-4A9C-8F8F-053F44036A6F} = {C26CD31C-8EB5-4A9C-8F8F-053F44036A6F}
		{D9A5B221-378C-4B99-8460-AD3187D10FBD} = {D9A5B221-378C-4B99-8460-AD3187D10FBD}
		{A07FF398-A675-4546-A1A4-94330982B260} = {A07FF398-A675-4546-A1A4-94330982B260}
		{BA86ABD2-5DAF-412D-84FA-41BB273C5B34} = {BA86ABD2-5DAF-412D-84FA-41BB273C5B34}
		{3B278060-750D-4918-AE03-1B8F2ED32DD6} = {3B278060-750D-4918-AE03-1B8F2ED32DD6}
		{1AF38439-3E6E-4814-B12E-20ADCAB8374A} = {1AF38439-3E6E-4814-B12E-20ADCAB8374A}
	EndProjectSection
EndProject
Project("{8BC9CEB8-8B4A-11D0-8D11-00A0C91BC942}") = "mk_s2cb", "win32\msdev\programs\mk_s2cb\mk_s2cb.vcproj", "{6563CC33-22B7-48A3-B696-193C9D452A79}"
	ProjectSection(ProjectDependencies) = postProject
		{C5392DBC-E1EC-4801-A532-C278C63AC445} = {C5392DBC-E1EC-4801-A532-C278C63AC445}
		{C26CD31C-8EB5-4A9C-8F8F-053F44036A6F} = {C26CD31C-8EB5-4A9C-8F8F-053F44036A6F}
		{D9A5B221-378C-4B99-8460-AD3187D10FBD} = {D9A5B221-378C-4B99-8460-AD3187D10FBD}
		{A07FF398-A675-4546-A1A4-94330982B260} = {A07FF398-A675-4546-A1A4-94330982B260}
		{BA86ABD2-5DAF-412D-84FA-41BB273C5B34} = {BA86ABD2-5DAF-412D-84FA-41BB273C5B34}
		{3B278060-750D-4918-AE03-1B8F2ED32DD6} = {3B278060-750D-4918-AE03-1B8F2ED32DD6}
		{1AF38439-3E6E-4814-B12E-20ADCAB8374A} = {1AF38439-3E6E-4814-B12E-20ADCAB8374A}
	EndProjectSection
EndProject
Project("{8BC9CEB8-8B4A-11D0-8D11-00A0C91BC942}") = "mk_s2hmm", "win32\msdev\programs\mk_s2hmm\mk_s2hmm.vcproj", "{A21F4986-739B-4246-A3D5-2BA86651222A}"
	ProjectSection(ProjectDependencies) = postProject
		{C5392DBC-E1EC-4801-A532-C278C63AC445} = {C5392DBC-E1EC-4801-A532-C278C63AC445}
		{C26CD31C-8EB5-4A9C-8F8F-053F44036A6F} = {C26CD31C-8EB5-4A9C-8F8F-053F44036A6F}
		{D9A5B221-378C-4B99-8460-AD3187D10FBD} = {D9A5B221-378C-4B99-8460-AD3187D10FBD}
		{A07FF398-A675-4546-A1A4-94330982B260} = {A07FF398-A675-4546-A1A4-94330982B260}
		{BA86ABD2-5DAF-412D-84FA-41BB273C5B34} = {BA86ABD2-5DAF-412D-84FA-41BB273C5B34}
		{3B278060-750D-4918-AE03-1B8F2ED32DD6} = {3B278060-750D-4918-AE03-1B8F2ED32DD6}
		{1AF38439-3E6E-4814-B12E-20ADCAB8374A} = {1AF38439-3E6E-4814-B12E-20ADCAB8374A}
	EndProjectSection
EndProject
Project("{8BC9CEB8-8B4A-11D0-8D11-00A0C91BC942}") = "mk_s2phone", "win32\msdev\programs\mk_s2phone\mk_s2phone.vcproj", "{7EA22C3A-C201-4490-B2B5-75CE7B132280}"
	ProjectSection(ProjectDependencies) = postProject
		{C5392DBC-E1EC-4801-A532-C278C63AC445} = {C5392DBC-E1EC-4801-A532-C278C63AC445}
		{C26CD31C-8EB5-4A9C-8F8F-053F44036A6F} = {C26CD31C-8EB5-4A9C-8F8F-053F44036A6F}
		{D9A5B221-378C-4B99-8460-AD3187D10FBD} = {D9A5B221-378C-4B99-8460-AD3187D10FBD}
		{A07FF398-A675-4546-A1A4-94330982B260} = {A07FF398-A675-4546-A1A4-94330982B260}
		{BA86ABD2-5DAF-412D-84FA-41BB273C5B34} = {BA86ABD2-5DAF-412D-84FA-41BB273C5B34}
		{3B278060-750D-4918-AE03-1B8F2ED32DD6} = {3B278060-750D-4918-AE03-1B8F2ED32DD6}
		{1AF38439-3E6E-4814-B12E-20ADCAB8374A} = {1AF38439-3E6E-4814-B12E-20ADCAB8374A}
	EndProjectSection
EndProject
Project("{8BC9CEB8-8B4A-11D0-8D11-00A0C91BC942}") = "mk_s2phonemap", "win32\msdev\programs\mk_s2phonemap\mk_s2phonemap.vcproj", "{3169015D-59C2-45D0-BBA7-A19C4232352E}"
	ProjectSection(ProjectDependencies) = postProject
		{C5392DBC-E1EC-4801-A532-C278C63AC445} = {C5392DBC-E1EC-4801-A532-C278C63AC445}
		{C26CD31C-8EB5-4A9C-8F8F-053F44036A6F} = {C26CD31C-8EB5-4A9C-8F8F-053F44036A6F}
		{D9A5B221-378C-4B99-8460-AD3187D10FBD} = {D9A5B221-378C-4B99-8460-AD3187D10FBD}
		{A07FF398-A675-4546-A1A4-94330982B260} = {A07FF398-A675-4546-A1A4-94330982B260}
		{BA86ABD2-5DAF-412D-84FA-41BB273C5B34} = {BA86ABD2-5DAF-412D-84FA-41BB273C5B34}
		{3B278060-750D-4918-AE03-1B8F2ED32DD6} = {3B278060-750D-4918-AE03-1B8F2ED32DD6}
		{1AF38439-3E6E-4814-B12E-20ADCAB8374A} = {1AF38439-3E6E-4814-B12E-20ADCAB8374A}
	EndProjectSection
EndProject
Project("{8BC9CEB8-8B4A-11D0-8D11-00A0C91BC942}") = "mk_s2sendump", "win32\msdev\programs\mk_s2sendump\mk_s2sendump.vcproj", "{B5CCF34A-0688-416C-82D3-123FB0B43A87}"
	ProjectSection(ProjectDependencies) = postProject
		{C5392DBC-E1EC-4801-A532-C278C63AC445} = {C5392DBC-E1EC-4801-A532-C278C63AC445}
		{C26CD31C-8EB5-4A9C-8F8F-053F44036A6F} = {C26CD31C-8EB5-4A9C-8F8F-053F44036A6F}
		{D9A5B221-378C-4B99-8460-AD3187D10FBD} = {D9A5B221-378C-4B99-8460-AD3187D10FBD}
		{A07FF398-A675-4546-A1A4-94330982B260} = {A07FF398-A675-4546-A1A4-94330982B260}
		{BA86ABD2-5DAF-412D-84FA-41BB273C5B34} = {BA86ABD2-5DAF-412D-84FA-41BB273C5B34}
		{3B278060-750D-4918-AE03-1B8F2ED32DD6} = {3B278060-750D-4918-AE03-1B8F2ED32DD6}
		{1AF38439-3E6E-4814-B12E-20ADCAB8374A} = {1AF38439-3E6E-4814-B12E-20ADCAB8374A}
	EndProjectSection
EndProject
Project("{8BC9CEB8-8B4A-11D0-8D11-00A0C91BC942}") = "mk_s2seno", "win32\msdev\programs\mk_s2seno\mk_s2seno.vcproj", "{3109FD68-EA2D-4D26-8079-9494BC440B94}"
	ProjectSection(ProjectDependencies) = postProject
		{C5392DBC-E1EC-4801-A532-C278C63AC445} = {C5392DBC-E1EC-4801-A532-C278C63AC445}
		{C26CD31C-8EB5-4A9C-8F8F-053F44036A6F} = {C26CD31C-8EB5-4A9C-8F8F-053F44036A6F}
		{D9A5B221-378C-4B99-8460-AD3187D10FBD} = {D9A5B221-378C-4B99-8460-AD3187D10FBD}
		{A07FF398-A675-4546-A1A4-94330982B260} = {A07FF398-A675-4546-A1A4-94330982B260}
		{BA86ABD2-5DAF-412D-84FA-41BB273C5B34} = {BA86ABD2-5DAF-412D-84FA-41BB273C5B34}
		{3B278060-750D-4918-AE03-1B8F2ED32DD6} = {3B278060-750D-4918-AE03-1B8F2ED32DD6}
		{1AF38439-3E6E-4814-B12E-20ADCAB8374A} = {1AF38439-3E6E-4814-B12E-20ADCAB8374A}
	EndProjectSection
EndProject
Project("{8BC9CEB8-8B4A-11D0-8D11-00A0C91BC942}") = "mk_s3gau", "win32\msdev\programs\mk_s3gau\mk_s3gau.vcproj", "{324BD855-49E6-4BC3-9337-0E6F5B4C7A41}"
	ProjectSection(ProjectDependencies) = postProject
		{C5392DBC-E1EC-4801-A532-C278C63AC445} = {C5392DBC-E1EC-4801-A532-C278C63AC445}
		{C26CD31C-8EB5-4A9C-8F8F-053F44036A6F} = {C26CD31C-8EB5-4A9C-8F8F-053F44036A6F}
		{D9A5B221-378C-4B99-8460-AD3187D10FBD} = {D9A5B221-378C-4B99-8460-AD3187D10FBD}
		{A07FF398-A675-4546-A1A4-94330982B260} = {A07FF398-A675-4546-A1A4-94330982B260}
		{BA86ABD2-5DAF-412D-84FA-41BB273C5B34} = {BA86ABD2-5DAF-412D-84FA-41BB273C5B34}
		{3B278060-750D-4918-AE03-1B8F2ED32DD6} = {3B278060-750D-4918-AE03-1B8F2ED32DD6}
		{1AF38439-3E6E-4814-B12E-20ADCAB8374A} = {1AF38439-3E6E-4814-B12E-20ADCAB8374A}
	EndProjectSection
EndProject
Project("{8BC9CEB8-8B4A-11D0-8D11-00A0C91BC942}") = "mk_s3mixw", "win32\msdev\programs\mk_s3mixw\mk_s3mixw.vcproj", "{6A538AE3-1C41-4E32-BE0E-57418AF7EEBC}"
	ProjectSection(ProjectDependencies) = postProject
		{C5392DBC-E1EC-4801-A532-C278C63AC445} = {C5392DBC-E1EC-4801-A532-C278C63AC445}
		{C26CD31C-8EB5-4A9C-8F8F-053F44036A6F} = {C26CD31C-8EB5-4A9C-8F8F-053F44036A6F}
		{D9A5B221-378C-4B99-8460-AD3187D10FBD} = {D9A5B221-378C-4B99-8460-AD3187D10FBD}
		{A07FF398-A675-4546-A1A4-94330982B260} = {A07FF398-A675-4546-A1A4-94330982B260}
		{BA86ABD2-5DAF-412D-84FA-41BB273C5B34} = {BA86ABD2-5DAF-412D-84FA-41BB273C5B34}
		{3B278060-750D-4918-AE03-1B8F2ED32DD6} = {3B278060-750D-4918-AE03-1B8F2ED32DD6}
		{1AF38439-3E6E-4814-B12E-20ADCAB8374A} = {1AF38439-3E6E-4814-B12E-20ADCAB8374A}
	EndProjectSection
EndProject
Project("{8BC9CEB8-8B4A-11D0-8D11-00A0C91BC942}") = "mk_s3tmat", "win32\msdev\programs\mk_s3tmat\mk_s3tmat.vcproj", "{7367861B-791C-48D7-B751-0FAB25DE877C}"
	ProjectSection(ProjectDependencies) = postProject
		{C5392DBC-E1EC-4801-A532-C278C63AC445} = {C5392DBC-E1EC-4801-A532-C278C63AC445}
		{C26CD31C-8EB5-4A9C-8F8F-053F44036A6F} = {C26CD31C-8EB5-4A9C-8F8F-053F44036A6F}
		{D9A5B221-378C-4B99-8460-AD3187D10FBD} = {D9A5B221-378C-4B99-8460-AD3187D10FBD}
		{A07FF398-A675-4546-A1A4-94330982B260} = {A07FF398-A675-4546-A1A4-94330982B260}
		{BA86ABD2-5DAF-412D-84FA-41BB273C5B34} = {BA86ABD2-5DAF-412D-84FA-41BB273C5B34}
		{3B278060-750D-4918-AE03-1B8F2ED32DD6} = {3B278060-750D-4918-AE03-1B8F2ED32DD6}
		{1AF38439-3E6E-4814-B12E-20ADCAB8374A} = {1AF38439-3E6E-4814-B12E-20ADCAB8374A}
	EndProjectSection
EndProject
Project("{8BC9CEB8-8B4A-11D0-8D11-00A0C91BC942}") = "mk_ts2cb", "win32\msdev\programs\mk_ts2cb\mk_ts2cb.vcproj", "{CB87DEC0-A9B0-43B9-A4EE-D42F33C61257}"
	ProjectSection(ProjectDependencies) = postProject
		{C5392DBC-E1EC-4801-A532-C278C63AC445} = {C5392DBC-E1EC-4801-A532-C278C63AC445}
		{C26CD31C-8EB5-4A9C-8F8F-053F44036A6F} = {C26CD31C-8EB5-4A9C-8F8F-053F44036A6F}
		{D9A5B221-378C-4B99-8460-AD3187D10FBD} = {D9A5B221-378C-4B99-8460-AD3187D10FBD}
		{A07FF398-A675-4546-A1A4-94330982B260} = {A07FF398-A675-4546-A1A4-94330982B260}
		{BA86ABD2-5DAF-412D-84FA-41BB273C5B34} = {BA86ABD2-5DAF-412D-84FA-41BB273C5B34}
		{3B278060-750D-4918-AE03-1B8F2ED32DD6} = {3B278060-750D-4918-AE03-1B8F2ED32DD6}
		{1AF38439-3E6E-4814-B12E-20ADCAB8374A} = {1AF38439-3E6E-4814-B12E-20ADCAB8374A}
	EndProjectSection
EndProject
Project("{8BC9CEB8-8B4A-11D0-8D11-00A0C91BC942}") = "mllr_solve", "win32\msdev\programs\mllr_solve\mllr_solve.vcproj", "{0815DD29-06A4-46DB-BB08-FB160D0CD196}"
	ProjectSection(ProjectDependencies) = postProject
		{C5392DBC-E1EC-4801-A532-C278C63AC445} = {C5392DBC-E1EC-4801-A532-C278C63AC445}
		{C26CD31C-8EB5-4A9C-8F8F-053F44036A6F} = {C26CD31C-8EB5-4A9C-8F8F-053F44036A6F}
		{D9A5B221-378C-4B99-8460-AD3187D10FBD} = {D9A5B221-378C-4B99-8460-AD3187D10FBD}
		{A07FF398-A675-4546-A1A4-94330982B260} = {A07FF398-A675-4546-A1A4-94330982B260}
		{BA86ABD2-5DAF-412D-84FA-41BB273C5B34} = {BA86ABD2-5DAF-412D-84FA-41BB273C5B34}
		{3B278060-750D-4918-AE03-1B8F2ED32DD6} = {3B278060-750D-4918-AE03-1B8F2ED32DD6}
		{1AF38439-3E6E-4814-B12E-20ADCAB8374A} = {1AF38439-3E6E-4814-B12E-20ADCAB8374A}
	EndProjectSection
EndProject
Project("{8BC9CEB8-8B4A-11D0-8D11-00A0C91BC942}") = "mllr_transform", "win32\msdev\programs\mllr_transform\mllr_transform.vcproj", "{87889BA0-3D6D-45D0-8086-45B29C2F6A1B}"
	ProjectSection(ProjectDependencies) = postProject
		{C5392DBC-E1EC-4801-A532-C278C63AC445} = {C5392DBC-E1EC-4801-A532-C278C63AC445}
		{C26CD31C-8EB5-4A9C-8F8F-053F44036A6F} = {C26CD31C-8EB5-4A9C-8F8F-053F44036A6F}
		{D9A5B221-378C-4B99-8460-AD3187D10FBD} = {D9A5B221-378C-4B99-8460-AD3187D10FBD}
		{A07FF398-A675-4546-A1A4-94330982B260} = {A07FF398-A675-4546-A1A4-94330982B260}
		{BA86ABD2-5DAF-412D-84FA-41BB273C5B34} = {BA86ABD2-5DAF-412D-84FA-41BB273C5B34}
		{3B278060-750D-4918-AE03-1B8F2ED32DD6} = {3B278060-750D-4918-AE03-1B8F2ED32DD6}
		{1AF38439-3E6E-4814-B12E-20ADCAB8374A} = {1AF38439-3E6E-4814-B12E-20ADCAB8374A}
	EndProjectSection
EndProject
Project("{8BC9CEB8-8B4A-11D0-8D11-00A0C91BC942}") = "norm", "win32\msdev\programs\norm\norm.vcproj", "{18126E38-B55E-4122-925C-A27C3E176160}"
	ProjectSection(ProjectDependencies) = postProject
		{C5392DBC-E1EC-4801-A532-C278C63AC445} = {C5392DBC-E1EC-4801-A532-C278C63AC445}
		{C26CD31C-8EB5-4A9C-8F8F-053F44036A6F} = {C26CD31C-8EB5-4A9C-8F8F-053F44036A6F}
		{D9A5B221-378C-4B99-8460-AD3187D10FBD} = {D9A5B221-378C-4B99-8460-AD3187D10FBD}
		{A07FF398-A675-4546-A1A4-94330982B260} = {A07FF398-A675-4546-A1A4-94330982B260}
		{BA86ABD2-5DAF-412D-84FA-41BB273C5B34} = {BA86ABD2-5DAF-412D-84FA-41BB273C5B34}
		{3B278060-750D-4918-AE03-1B8F2ED32DD6} = {3B278060-750D-4918-AE03-1B8F2ED32DD6}
		{1AF38439-3E6E-4814-B12E-20ADCAB8374A} = {1AF38439-3E6E-4814-B12E-20ADCAB8374A}
	EndProjectSection
EndProject
Project("{8BC9CEB8-8B4A-11D0-8D11-00A0C91BC942}") = "param_cnt", "win32\msdev\programs\param_cnt\param_cnt.vcproj", "{A8CD70EC-5355-4C1C-957B-EECDCC06DDB9}"
	ProjectSection(ProjectDependencies) = postProject
		{C5392DBC-E1EC-4801-A532-C278C63AC445} = {C5392DBC-E1EC-4801-A532-C278C63AC445}
		{C26CD31C-8EB5-4A9C-8F8F-053F44036A6F} = {C26CD31C-8EB5-4A9C-8F8F-053F44036A6F}
		{D9A5B221-378C-4B99-8460-AD3187D10FBD} = {D9A5B221-378C-4B99-8460-AD3187D10FBD}
		{A07FF398-A675-4546-A1A4-94330982B260} = {A07FF398-A675-4546-A1A4-94330982B260}
		{BA86ABD2-5DAF-412D-84FA-41BB273C5B34} = {BA86ABD2-5DAF-412D-84FA-41BB273C5B34}
		{3B278060-750D-4918-AE03-1B8F2ED32DD6} = {3B278060-750D-4918-AE03-1B8F2ED32DD6}
		{1AF38439-3E6E-4814-B12E-20ADCAB8374A} = {1AF38439-3E6E-4814-B12E-20ADCAB8374A}
	EndProjectSection
EndProject
Project("{8BC9CEB8-8B4A-11D0-8D11-00A0C91BC942}") = "printp", "win32\msdev\programs\printp\printp.vcproj", "{88973E14-2883-4DEF-906F-B6F31C89C343}"
	ProjectSection(ProjectDependencies) = postProject
		{C5392DBC-E1EC-4801-A532-C278C63AC445} = {C5392DBC-E1EC-4801-A532-C278C63AC445}
		{C26CD31C-8EB5-4A9C-8F8F-053F44036A6F} = {C26CD31C-8EB5-4A9C-8F8F-053F44036A6F}
		{D9A5B221-378C-4B99-8460-AD3187D10FBD} = {D9A5B221-378C-4B99-8460-AD3187D10FBD}
		{A07FF398-A675-4546-A1A4-94330982B260} = {A07FF398-A675-4546-A1A4-94330982B260}
		{BA86ABD2-5DAF-412D-84FA-41BB273C5B34} = {BA86ABD2-5DAF-412D-84FA-41BB273C5B34}
		{3B278060-750D-4918-AE03-1B8F2ED32DD6} = {3B278060-750D-4918-AE03-1B8F2ED32DD6}
		{1AF38439-3E6E-4814-B12E-20ADCAB8374A} = {1AF38439-3E6E-4814-B12E-20ADCAB8374A}
	EndProjectSection
EndProject
Project("{8BC9CEB8-8B4A-11D0-8D11-00A0C91BC942}") = "prunetree", "win32\msdev\programs\prunetree\prunetree.vcproj", "{63867A81-98B5-466F-9AA3-E7E7352E45DE}"
	ProjectSection(ProjectDependencies) = postProject
		{C5392DBC-E1EC-4801-A532-C278C63AC445} = {C5392DBC-E1EC-4801-A532-C278C63AC445}
		{C26CD31C-8EB5-4A9C-8F8F-053F44036A6F} = {C26CD31C-8EB5-4A9C-8F8F-053F44036A6F}
		{D9A5B221-378C-4B99-8460-AD3187D10FBD} = {D9A5B221-378C-4B99-8460-AD3187D10FBD}
		{A07FF398-A675-4546-A1A4-94330982B260} = {A07FF398-A675-4546-A1A4-94330982B260}
		{BA86ABD2-5DAF-412D-84FA-41BB273C5B34} = {BA86ABD2-5DAF-412D-84FA-41BB273C5B34}
		{3B278060-750D-4918-AE03-1B8F2ED32DD6} = {3B278060-750D-4918-AE03-1B8F2ED32DD6}
		{1AF38439-3E6E-4814-B12E-20ADCAB8374A} = {1AF38439-3E6E-4814-B12E-20ADCAB8374A}
	EndProjectSection
EndProject
Project("{8BC9CEB8-8B4A-11D0-8D11-00A0C91BC942}") = "tiestate", "win32\msdev\programs\tiestate\tiestate.vcproj", "{9EFE81A6-6050-4FAF-940A-4FD5D5270DF3}"
	ProjectSection(ProjectDependencies) = postProject
		{C5392DBC-E1EC-4801-A532-C278C63AC445} = {C5392DBC-E1EC-4801-A532-C278C63AC445}
		{C26CD31C-8EB5-4A9C-8F8F-053F44036A6F} = {C26CD31C-8EB5-4A9C-8F8F-053F44036A6F}
		{D9A5B221-378C-4B99-8460-AD3187D10FBD} = {D9A5B221-378C-4B99-8460-AD3187D10FBD}
		{A07FF398-A675-4546-A1A4-94330982B260} = {A07FF398-A675-4546-A1A4-94330982B260}
		{BA86ABD2-5DAF-412D-84FA-41BB273C5B34} = {BA86ABD2-5DAF-412D-84FA-41BB273C5B34}
		{3B278060-750D-4918-AE03-1B8F2ED32DD6} = {3B278060-750D-4918-AE03-1B8F2ED32DD6}
		{1AF38439-3E6E-4814-B12E-20ADCAB8374A} = {1AF38439-3E6E-4814-B12E-20ADCAB8374A}
	EndProjectSection
EndProject
Project("{8BC9CEB8-8B4A-11D0-8D11-00A0C91BC942}") = "wave2feat", "win32\msdev\programs\wave2feat\wave2feat.vcproj", "{F5650A44-C37B-4AB3-95AF-5CE87253011E}"
	ProjectSection(ProjectDependencies) = postProject
		{3B278060-750D-4918-AE03-1B8F2ED32DD6} = {3B278060-750D-4918-AE03-1B8F2ED32DD6}
	EndProjectSection
EndProject
Global
	GlobalSection(SolutionConfigurationPlatforms) = preSolution
		Debug|Win32 = Debug|Win32
		Release|Win32 = Release|Win32
	EndGlobalSection
	GlobalSection(ProjectConfigurationPlatforms) = postSolution
		{76E7E46F-944A-46B7-9D22-77466CCA320D}.Debug|Win32.ActiveCfg = Debug|Win32
		{76E7E46F-944A-46B7-9D22-77466CCA320D}.Debug|Win32.Build.0 = Debug|Win32
		{76E7E46F-944A-46B7-9D22-77466CCA320D}.Release|Win32.ActiveCfg = Release|Win32
		{76E7E46F-944A-46B7-9D22-77466CCA320D}.Release|Win32.Build.0 = Release|Win32
		{039FCB21-1E79-4449-857E-A53FC3023617}.Debug|Win32.ActiveCfg = Debug|Win32
		{039FCB21-1E79-4449-857E-A53FC3023617}.Debug|Win32.Build.0 = Debug|Win32
		{039FCB21-1E79-4449-857E-A53FC3023617}.Release|Win32.ActiveCfg = Release|Win32
		{039FCB21-1E79-4449-857E-A53FC3023617}.Release|Win32.Build.0 = Release|Win32
		{5AB457D3-B84E-4567-97C4-E3B1A4594D24}.Debug|Win32.ActiveCfg = Debug|Win32
		{5AB457D3-B84E-4567-97C4-E3B1A4594D24}.Debug|Win32.Build.0 = Debug|Win32
		{5AB457D3-B84E-4567-97C4-E3B1A4594D24}.Release|Win32.ActiveCfg = Release|Win32
		{5AB457D3-B84E-4567-97C4-E3B1A4594D24}.Release|Win32.Build.0 = Release|Win32
		{29EE20F8-56F7-49C4-B301-8C914A299FF7}.Debug|Win32.ActiveCfg = Debug|Win32
		{29EE20F8-56F7-49C4-B301-8C914A299FF7}.Debug|Win32.Build.0 = Debug|Win32
		{29EE20F8-56F7-49C4-B301-8C914A299FF7}.Release|Win32.ActiveCfg = Release|Win32
		{29EE20F8-56F7-49C4-B301-8C914A299FF7}.Release|Win32.Build.0 = Release|Win32
		{11408BB4-709F-463B-85FF-1A2C76EF9F65}.Debug|Win32.ActiveCfg = Debug|Win32
		{11408BB4-709F-463B-85FF-1A2C76EF9F65}.Debug|Win32.Build.0 = Debug|Win32
		{11408BB4-709F-463B-85FF-1A2C76EF9F65}.Release|Win32.ActiveCfg = Release|Win32
		{11408BB4-709F-463B-85FF-1A2C76EF9F65}.Release|Win32.Build.0 = Release|Win32
		{05351D24-421B-4F0B-BFD8-40AC76A354AF}.Debug|Win32.ActiveCfg = Debug|Win32
		{05351D24-421B-4F0B-BFD8-40AC76A354AF}.Debug|Win32.Build.0 = Debug|Win32
		{05351D24-421B-4F0B-BFD8-40AC76A354AF}.Release|Win32.ActiveCfg = Release|Win32
		{05351D24-421B-4F0B-BFD8-40AC76A354AF}.Release|Win32.Build.0 = Release|Win32
		{F3D1D053-5B0F-4395-9B8F-C421B9DA7FCD}.Debug|Win32.ActiveCfg = Debug|Win32
		{F3D1D053-5B0F-4395-9B8F-C421B9DA7FCD}.Debug|Win32.Build.0 = Debug|Win32
		{F3D1D053-5B0F-4395-9B8F-C421B9DA7FCD}.Release|Win32.ActiveCfg = Release|Win32
		{F3D1D053-5B0F-4395-9B8F-C421B9DA7FCD}.Release|Win32.Build.0 = Release|Win32
		{B6F504F7-6328-4478-B9DD-C03016239115}.Debug|Win32.ActiveCfg = Debug|Win32
		{B6F504F7-6328-4478-B9DD-C03016239115}.Debug|Win32.Build.0 = Debug|Win32
		{B6F504F7-6328-4478-B9DD-C03016239115}.Release|Win32.ActiveCfg = Release|Win32
		{B6F504F7-6328-4478-B9DD-C03016239115}.Release|Win32.Build.0 = Release|Win32
		{4A811EDC-BC16-4651-B596-030E2543077E}.Debug|Win32.ActiveCfg = Debug|Win32
		{4A811EDC-BC16-4651-B596-030E2543077E}.Debug|Win32.Build.0 = Debug|Win32
		{4A811EDC-BC16-4651-B596-030E2543077E}.Release|Win32.ActiveCfg = Release|Win32
		{4A811EDC-BC16-4651-B596-030E2543077E}.Release|Win32.Build.0 = Release|Win32
		{A7D97925-CDDD-4819-8A7F-66992FF05C24}.Debug|Win32.ActiveCfg = Debug|Win32
		{A7D97925-CDDD-4819-8A7F-66992FF05C24}.Debug|Win32.Build.0 = Debug|Win32
		{A7D97925-CDDD-4819-8A7F-66992FF05C24}.Release|Win32.ActiveCfg = Release|Win32
		{A7D97925-CDDD-4819-8A7F-66992FF05C24}.Release|Win32.Build.0 = Release|Win32
		{F7FCA232-7253-470B-8254-186710026F32}.Debug|Win32.ActiveCfg = Debug|Win32
		{F7FCA232-7253-470B-8254-186710026F32}.Debug|Win32.Build.0 = Debug|Win32
		{F7FCA232-7253-470B-8254-186710026F32}.Release|Win32.ActiveCfg = Release|Win32
		{F7FCA232-7253-470B-8254-186710026F32}.Release|Win32.Build.0 = Release|Win32
		{D587B047-28AA-4F77-8206-95EBECA1B38B}.Debug|Win32.ActiveCfg = Debug|Win32
		{D587B047-28AA-4F77-8206-95EBECA1B38B}.Debug|Win32.Build.0 = Debug|Win32
		{D587B047-28AA-4F77-8206-95EBECA1B38B}.Release|Win32.ActiveCfg = Release|Win32
		{D587B047-28AA-4F77-8206-95EBECA1B38B}.Release|Win32.Build.0 = Release|Win32
		{1AF38439-3E6E-4814-B12E-20ADCAB8374A}.Debug|Win32.ActiveCfg = Debug|Win32
		{1AF38439-3E6E-4814-B12E-20ADCAB8374A}.Debug|Win32.Build.0 = Debug|Win32
		{1AF38439-3E6E-4814-B12E-20ADCAB8374A}.Release|Win32.ActiveCfg = Release|Win32
		{1AF38439-3E6E-4814-B12E-20ADCAB8374A}.Release|Win32.Build.0 = Release|Win32
		{BA86ABD2-5DAF-412D-84FA-41BB273C5B34}.Debug|Win32.ActiveCfg = Debug|Win32
		{BA86ABD2-5DAF-412D-84FA-41BB273C5B34}.Debug|Win32.Build.0 = Debug|Win32
		{BA86ABD2-5DAF-412D-84FA-41BB273C5B34}.Release|Win32.ActiveCfg = Release|Win32
		{BA86ABD2-5DAF-412D-84FA-41BB273C5B34}.Release|Win32.Build.0 = Release|Win32
		{3B278060-750D-4918-AE03-1B8F2ED32DD6}.Debug|Win32.ActiveCfg = Debug|Win32
		{3B278060-750D-4918-AE03-1B8F2ED32DD6}.Debug|Win32.Build.0 = Debug|Win32
		{3B278060-750D-4918-AE03-1B8F2ED32DD6}.Release|Win32.ActiveCfg = Release|Win32
		{3B278060-750D-4918-AE03-1B8F2ED32DD6}.Release|Win32.Build.0 = Release|Win32
		{C5392DBC-E1EC-4801-A532-C278C63AC445}.Debug|Win32.ActiveCfg = Debug|Win32
		{C5392DBC-E1EC-4801-A532-C278C63AC445}.Debug|Win32.Build.0 = Debug|Win32
		{C5392DBC-E1EC-4801-A532-C278C63AC445}.Release|Win32.ActiveCfg = Release|Win32
		{C5392DBC-E1EC-4801-A532-C278C63AC445}.Release|Win32.Build.0 = Release|Win32
		{E7BB83AD-6AD0-4BB2-A1AD-30CA6599153C}.Debug|Win32.ActiveCfg = Debug|Win32
		{E7BB83AD-6AD0-4BB2-A1AD-30CA6599153C}.Debug|Win32.Build.0 = Debug|Win32
		{E7BB83AD-6AD0-4BB2-A1AD-30CA6599153C}.Release|Win32.ActiveCfg = Release|Win32
		{E7BB83AD-6AD0-4BB2-A1AD-30CA6599153C}.Release|Win32.Build.0 = Release|Win32
		{A07FF398-A675-4546-A1A4-94330982B260}.Debug|Win32.ActiveCfg = Debug|Win32
		{A07FF398-A675-4546-A1A4-94330982B260}.Debug|Win32.Build.0 = Debug|Win32
		{A07FF398-A675-4546-A1A4-94330982B260}.Release|Win32.ActiveCfg = Release|Win32
		{A07FF398-A675-4546-A1A4-94330982B260}.Release|Win32.Build.0 = Release|Win32
		{D9A5B221-378C-4B99-8460-AD3187D10FBD}.Debug|Win32.ActiveCfg = Debug|Win32
		{D9A5B221-378C-4B99-8460-AD3187D10FBD}.Debug|Win32.Build.0 = Debug|Win32
		{D9A5B221-378C-4B99-8460-AD3187D10FBD}.Release|Win32.ActiveCfg = Release|Win32
		{D9A5B221-378C-4B99-8460-AD3187D10FBD}.Release|Win32.Build.0 = Release|Win32
		{C26CD31C-8EB5-4A9C-8F8F-053F44036A6F}.Debug|Win32.ActiveCfg = Debug|Win32
		{C26CD31C-8EB5-4A9C-8F8F-053F44036A6F}.Debug|Win32.Build.0 = Debug|Win32
		{C26CD31C-8EB5-4A9C-8F8F-053F44036A6F}.Release|Win32.ActiveCfg = Release|Win32
		{C26CD31C-8EB5-4A9C-8F8F-053F44036A6F}.Release|Win32.Build.0 = Release|Win32
		{E4A5E192-9113-4CAC-8B23-1F28F92638A9}.Debug|Win32.ActiveCfg = Debug|Win32
		{E4A5E192-9113-4CAC-8B23-1F28F92638A9}.Debug|Win32.Build.0 = Debug|Win32
		{E4A5E192-9113-4CAC-8B23-1F28F92638A9}.Release|Win32.ActiveCfg = Release|Win32
		{E4A5E192-9113-4CAC-8B23-1F28F92638A9}.Release|Win32.Build.0 = Release|Win32
		{8C20DB0A-9B28-44F1-81BA-F43C55E26730}.Debug|Win32.ActiveCfg = Debug|Win32
		{8C20DB0A-9B28-44F1-81BA-F43C55E26730}.Debug|Win32.Build.0 = Debug|Win32
		{8C20DB0A-9B28-44F1-81BA-F43C55E26730}.Release|Win32.ActiveCfg = Release|Win32
		{8C20DB0A-9B28-44F1-81BA-F43C55E26730}.Release|Win32.Build.0 = Release|Win32
		{A494CAF2-BFEF-49EA-AFED-F61BF3B32BB4}.Debug|Win32.ActiveCfg = Debug|Win32
		{A494CAF2-BFEF-49EA-AFED-F61BF3B32BB4}.Debug|Win32.Build.0 = Debug|Win32
		{A494CAF2-BFEF-49EA-AFED-F61BF3B32BB4}.Release|Win32.ActiveCfg = Release|Win32
		{A494CAF2-BFEF-49EA-AFED-F61BF3B32BB4}.Release|Win32.Build.0 = Release|Win32
		{0BAA1374-C506-4E7F-AFE7-98A92B4DF84E}.Debug|Win32.ActiveCfg = Debug|Win32
		{0BAA1374-C506-4E7F-AFE7-98A92B4DF84E}.Debug|Win32.Build.0 = Debug|Win32
		{0BAA1374-C506-4E7F-AFE7-98A92B4DF84E}.Release|Win32.ActiveCfg = Release|Win32
		{0BAA1374-C506-4E7F-AFE7-98A92B4DF84E}.Release|Win32.Build.0 = Release|Win32
		{1CA2DB8D-B234-4003-9D56-6C8F47DFA2CD}.Debug|Win32.ActiveCfg = Debug|Win32
		{1CA2DB8D-B234-4003-9D56-6C8F47DFA2CD}.Debug|Win32.Build.0 = Debug|Win32
		{1CA2DB8D-B234-4003-9D56-6C8F47DFA2CD}.Release|Win32.ActiveCfg = Release|Win32
		{1CA2DB8D-B234-4003-9D56-6C8F47DFA2CD}.Release|Win32.Build.0 = Release|Win32
		{0A5E0D1C-38CC-4F84-A426-60E831C1BCAF}.Debug|Win32.ActiveCfg = Debug|Win32
		{0A5E0D1C-38CC-4F84-A426-60E831C1BCAF}.Debug|Win32.Build.0 = Debug|Win32
		{0A5E0D1C-38CC-4F84-A426-60E831C1BCAF}.Release|Win32.ActiveCfg = Release|Win32
		{0A5E0D1C-38CC-4F84-A426-60E831C1BCAF}.Release|Win32.Build.0 = Release|Win32
		{6563CC33-22B7-48A3-B696-193C9D452A79}.Debug|Win32.ActiveCfg = Debug|Win32
		{6563CC33-22B7-48A3-B696-193C9D452A79}.Debug|Win32.Build.0 = Debug|Win32
		{6563CC33-22B7-48A3-B696-193C9D452A79}.Release|Win32.ActiveCfg = Release|Win32
		{6563CC33-22B7-48A3-B696-193C9D452A79}.Release|Win32.Build.0 = Release|Win32
		{A21F4986-739B-4246-A3D5-2BA86651222A}.Debug|Win32.ActiveCfg = Debug|Win32
		{A21F4986-739B-4246-A3D5-2BA86651222A}.Debug|Win32.Build.0 = Debug|Win32
		{A21F4986-739B-4246-A3D5-2BA86651222A}.Release|Win32.ActiveCfg = Release|Win32
		{A21F4986-739B-4246-A3D5-2BA86651222A}.Release|Win32.Build.0 = Release|Win32
		{7EA22C3A-C201-4490-B2B5-75CE7B132280}.Debug|Win32.ActiveCfg = Debug|Win32
		{7EA22C3A-C201-4490-B2B5-75CE7B132280}.Debug|Win32.Build.0 = Debug|Win32
		{7EA22C3A-C201-4490-B2B5-75CE7B132280}.Release|Win32.ActiveCfg = Release|Win32
		{7EA22C3A-C201-4490-B2B5-75CE7B132280}.Release|Win32.Build.0 = Release|Win32
		{3169015D-59C2-45D0-BBA7-A19C4232352E}.Debug|Win32.ActiveCfg = Debug|Win32
		{3169015D-59C2-45D0-BBA7-A19C4232352E}.Debug|Win32.Build.0 = Debug|Win32
		{3169015D-59C2-45D0-BBA7-A19C4232352E}.Release|Win32.ActiveCfg = Release|Win32
		{3169015D-59C2-45D0-BBA7-A19C4232352E}.Release|Win32.Build.0 = Release|Win32
		{B5CCF34A-0688-416C-82D3-123FB0B43A87}.Debug|Win32.ActiveCfg = Debug|Win32
		{B5CCF34A-0688-416C-82D3-123FB0B43A87}.Debug|Win32.Build.0 = Debug|Win32
		{B5CCF34A-0688-416C-82D3-123FB0B43A87}.Release|Win32.ActiveCfg = Release|Win32
		{B5CCF34A-0688-416C-82D3-123FB0B43A87}.Release|Win32.Build.0 = Release|Win32
		{3109FD68-EA2D-4D26-8079-9494BC440B94}.Debug|Win32.ActiveCfg = Debug|Win32
		{3109FD68-EA2D-4D26-8079-9494BC440B94}.Debug|Win32.Build.0 = Debug|Win32
		{3109FD68-EA2D-4D26-8079-9494BC440B94}.Release|Win32.ActiveCfg = Release|Win32
		{3109FD68-EA2D-4D26-8079-9494BC440B94}.Release|Win32.Build.0 = Release|Win32
		{324BD855-49E6-4BC3-9337-0E6F5B4C7A41}.Debug|Win32.ActiveCfg = Debug|Win32
		{324BD855-49E6-4BC3-9337-0E6F5B4C7A41}.Debug|Win32.Build.0 = Debug|Win32
		{324BD855-49E6-4BC3-9337-0E6F5B4C7A41}.Release|Win32.ActiveCfg = Release|Win32
		{324BD855-49E6-4BC3-9337-0E6F5B4C7A41}.Release|Win32.Build.0 = Release|Win32
		{6A538AE3-1C41-4E32-BE0E-57418AF7EEBC}.Debug|Win32.ActiveCfg = Debug|Win32
		{6A538AE3-1C41-4E32-BE0E-57418AF7EEBC}.Debug|Win32.Build.0 = Debug|Win32
		{6A538AE3-1C41-4E32-BE0E-57418AF7EEBC}.Release|Win32.ActiveCfg = Release|Win32
		{6A538AE3-1C41-4E32-BE0E-57418AF7EEBC}.Release|Win32.Build.0 = Release|Win32
		{7367861B-791C-48D7-B751-0FAB25DE877C}.Debug|Win32.ActiveCfg = Debug|Win32
		{7367861B-791C-48D7-B751-0FAB25DE877C}.Debug|Win32.Build.0 = Debug|Win32
		{7367861B-791C-48D7-B751-0FAB25DE877C}.Release|Win32.ActiveCfg = Release|Win32
		{7367861B-791C-48D7-B751-0FAB25DE877C}.Release|Win32.Build.0 = Release|Win32
		{CB87DEC0-A9B0-43B9-A4EE-D42F33C61257}.Debug|Win32.ActiveCfg = Debug|Win32
		{CB87DEC0-A9B0-43B9-A4EE-D42F33C61257}.Debug|Win32.Build.0 = Debug|Win32
		{CB87DEC0-A9B0-43B9-A4EE-D42F33C61257}.Release|Win32.ActiveCfg = Release|Win32
		{CB87DEC0-A9B0-43B9-A4EE-D42F33C61257}.Release|Win32.Build.0 = Release|Win32
		{0815DD29-06A4-46DB-BB08-FB160D0CD196}.Debug|Win32.ActiveCfg = Debug|Win32
		{0815DD29-06A4-46DB-BB08-FB160D0CD196}.Debug|Win32.Build.0 = Debug|Win32
		{0815DD29-06A4-46DB-BB08-FB160D0CD196}.Release|Win32.ActiveCfg = Release|Win32
		{0815DD29-06A4-46DB-BB08-FB160D0CD196}.Release|Win32.Build.0 = Release|Win32
		{87889BA0-3D6D-45D0-8086-45B29C2F6A1B}.Debug|Win32.ActiveCfg = Debug|Win32
		{87889BA0-3D6D-45D0-8086-45B29C2F6A1B}.Debug|Win32.Build.0 = Debug|Win32
		{87889BA0-3D6D-45D0-8086-45B29C2F6A1B}.Release|Win32.ActiveCfg = Release|Win32
		{87889BA0-3D6D-45D0-8086-45B29C2F6A1B}.Release|Win32.Build.0 = Release|Win32
		{18126E38-B55E-4122-925C-A27C3E176160}.Debug|Win32.ActiveCfg = Debug|Win32
		{18126E38-B55E-4122-925C-A27C3E176160}.Debug|Win32.Build.0 = Debug|Win32
		{18126E38-B55E-4122-925C-A27C3E176160}.Release|Win32.ActiveCfg = Release|Win32
		{18126E38-B55E-4122-925C-A27C3E176160}.Release|Win32.Build.0 = Release|Win32
		{A8CD70EC-5355-4C1C-957B-EECDCC06DDB9}.Debug|Win32.ActiveCfg = Debug|Win32
		{A8CD70EC-5355-4C1C-957B-EECDCC06DDB9}.Debug|Win32.Build.0 = Debug|Win32
		{A8CD70EC-5355-4C1C-957B-EECDCC06DDB9}.Release|Win32.ActiveCfg = Release|Win32
		{A8CD70EC-5355-4C1C-957B-EECDCC06DDB9}.Release|Win32.Build.0 = Release|Win32
		{88973E14-2883-4DEF-906F-B6F31C89C343}.Debug|Win32.ActiveCfg = Debug|Win32
		{88973E14-2883-4DEF-906F-B6F31C89C343}.Debug|Win32.Build.0 = Debug|Win32
		{88973E14-2883-4DEF-906F-B6F31C89C343}.Release|Win32.ActiveCfg = Release|Win32
		{88973E14-2883-4DEF-906F-B6F31C89C343}.Release|Win32.Build.0 = Release|Win32
		{63867A81-98B5-466F-9AA3-E7E7352E45DE}.Debug|Win32.ActiveCfg = Debug|Win32
		{63867A81-98B5-466F-9AA3-E7E7352E45DE}.Debug|Win32.Build.0 = Debug|Win32
		{63867A81-98B5-466F-9AA3-E7E7352E45DE}.Release|Win32.ActiveCfg = Release|Win32
		{63867A81-98B5-466F-9AA3-E7E7352E45DE}.Release|Win32.Build.0 = Release|Win32
		{9EFE81A6-6050-4FAF-940A-4FD5D5270DF3}.Debug|Win32.ActiveCfg = Debug|Win32
		{9EFE81A6-6050-4FAF-940A-4FD5D5270DF3}.Debug|Win32.Build.0 = Debug|Win32
		{9EFE81A6-6050-4FAF-940A-4FD5D5270DF3}.Release|Win32.ActiveCfg = Release|Win32
		{9EFE81A6-6050-4FAF-940A-4FD5D5270DF3}.Release|Win32.Build.0 = Release|Win32
		{F5650A44-C37B-4AB3-95AF-5CE87253011E}.Debug|Win32.ActiveCfg = Debug|Win32
		{F5650A44-C37B-4AB3-95AF-5CE87253011E}.Debug|Win32.Build.0 = Debug|Win32
		{F5650A44-C37B-4AB3-95AF-5CE87253011E}.Release|Win32.ActiveCfg = Release|Win32
		{F5650A44-C37B-4AB3-95AF-5CE87253011E}.Release|Win32.Build.0 = Release|Win32
	EndGlobalSection
	GlobalSection(SolutionProperties) = preSolution
		HideSolutionNode = FALSE
	EndGlobalSection
EndGlobal
