
Microsoft Visual Studio Solution File, Format Version 12.00
# Visual Studio Express 2012 for Windows Desktop
Project("{8BC9CEB8-8B4A-11D0-8D11-00A0C91BC942}") = "agg_seg", "win32\programs\agg_seg\agg_seg.vcxproj", "{76E7E46F-944A-46B7-9D22-77466CCA320D}"
EndProject
Project("{8BC9CEB8-8B4A-11D0-8D11-00A0C91BC942}") = "bldtree", "win32\programs\bldtree\bldtree.vcxproj", "{039FCB21-1E79-4449-857E-A53FC3023617}"
EndProject
Project("{8BC9CEB8-8B4A-11D0-8D11-00A0C91BC942}") = "bw", "win32\programs\bw\bw.vcxproj", "{5AB457D3-B84E-4567-97C4-E3B1A4594D24}"
EndProject
Project("{8BC9CEB8-8B4A-11D0-8D11-00A0C91BC942}") = "cp_parm", "win32\programs\cp_parm\cp_parm.vcxproj", "{29EE20F8-56F7-49C4-B301-8C914A299FF7}"
EndProject
Project("{8BC9CEB8-8B4A-11D0-8D11-00A0C91BC942}") = "delint", "win32\programs\delint\delint.vcxproj", "{11408BB4-709F-463B-85FF-1A2C76EF9F65}"
EndProject
Project("{8BC9CEB8-8B4A-11D0-8D11-00A0C91BC942}") = "inc_comp", "win32\programs\inc_comp\inc_comp.vcxproj", "{F3D1D053-5B0F-4395-9B8F-C421B9DA7FCD}"
EndProject
Project("{8BC9CEB8-8B4A-11D0-8D11-00A0C91BC942}") = "init_gau", "win32\programs\init_gau\init_gau.vcxproj", "{B6F504F7-6328-4478-B9DD-C03016239115}"
EndProject
Project("{8BC9CEB8-8B4A-11D0-8D11-00A0C91BC942}") = "init_mixw", "win32\programs\init_mixw\init_mixw.vcxproj", "{4A811EDC-BC16-4651-B596-030E2543077E}"
EndProject
Project("{8BC9CEB8-8B4A-11D0-8D11-00A0C91BC942}") = "kdtree", "win32\programs\kdtree\kdtree.vcxproj", "{A7D97925-CDDD-4819-8A7F-66992FF05C24}"
EndProject
Project("{8BC9CEB8-8B4A-11D0-8D11-00A0C91BC942}") = "kmeans_init", "win32\programs\kmeans_init\kmeans_init.vcxproj", "{F7FCA232-7253-470B-8254-186710026F32}"
EndProject
Project("{8BC9CEB8-8B4A-11D0-8D11-00A0C91BC942}") = "libclust", "win32\libs\libclust\libclust.vcxproj", "{BA86ABD2-5DAF-412D-84FA-41BB273C5B34}"
EndProject
Project("{8BC9CEB8-8B4A-11D0-8D11-00A0C91BC942}") = "libcommon", "win32\libs\libcommon\libcommon.vcxproj", "{3B278060-750D-4918-AE03-1B8F2ED32DD6}"
EndProject
Project("{8BC9CEB8-8B4A-11D0-8D11-00A0C91BC942}") = "libio", "win32\libs\libio\libio.vcxproj", "{C5392DBC-E1EC-4801-A532-C278C63AC445}"
EndProject
Project("{8BC9CEB8-8B4A-11D0-8D11-00A0C91BC942}") = "libmllr", "win32\libs\libmllr\libmllr.vcxproj", "{A07FF398-A675-4546-A1A4-94330982B260}"
EndProject
Project("{8BC9CEB8-8B4A-11D0-8D11-00A0C91BC942}") = "libmodinv", "win32\libs\libmodinv\libmodinv.vcxproj", "{D9A5B221-378C-4B99-8460-AD3187D10FBD}"
EndProject
Project("{8BC9CEB8-8B4A-11D0-8D11-00A0C91BC942}") = "make_quests", "win32\programs\make_quests\make_quests.vcxproj", "{E4A5E192-9113-4CAC-8B23-1F28F92638A9}"
EndProject
Project("{8BC9CEB8-8B4A-11D0-8D11-00A0C91BC942}") = "map_adapt", "win32\programs\map_adapt\map_adapt.vcxproj", "{8C20DB0A-9B28-44F1-81BA-F43C55E26730}"
EndProject
Project("{8BC9CEB8-8B4A-11D0-8D11-00A0C91BC942}") = "mixw_interp", "win32\programs\mixw_interp\mixw_interp.vcxproj", "{A494CAF2-BFEF-49EA-AFED-F61BF3B32BB4}"
EndProject
Project("{8BC9CEB8-8B4A-11D0-8D11-00A0C91BC942}") = "mk_flat", "win32\programs\mk_flat\mk_flat.vcxproj", "{0BAA1374-C506-4E7F-AFE7-98A92B4DF84E}"
EndProject
Project("{8BC9CEB8-8B4A-11D0-8D11-00A0C91BC942}") = "mk_mdef_gen", "win32\programs\mk_mdef_gen\mk_mdef_gen.vcxproj", "{1CA2DB8D-B234-4003-9D56-6C8F47DFA2CD}"
EndProject
Project("{8BC9CEB8-8B4A-11D0-8D11-00A0C91BC942}") = "mk_mllr_class", "win32\programs\mk_mllr_class\mk_mllr_class.vcxproj", "{0A5E0D1C-38CC-4F84-A426-60E831C1BCAF}"
EndProject
Project("{8BC9CEB8-8B4A-11D0-8D11-00A0C91BC942}") = "mk_s2sendump", "win32\programs\mk_s2sendump\mk_s2sendump.vcxproj", "{B5CCF34A-0688-416C-82D3-123FB0B43A87}"
EndProject
Project("{8BC9CEB8-8B4A-11D0-8D11-00A0C91BC942}") = "mk_ts2cb", "win32\programs\mk_ts2cb\mk_ts2cb.vcxproj", "{CB87DEC0-A9B0-43B9-A4EE-D42F33C61257}"
EndProject
Project("{8BC9CEB8-8B4A-11D0-8D11-00A0C91BC942}") = "mllr_solve", "win32\programs\mllr_solve\mllr_solve.vcxproj", "{0815DD29-06A4-46DB-BB08-FB160D0CD196}"
EndProject
Project("{8BC9CEB8-8B4A-11D0-8D11-00A0C91BC942}") = "mllr_transform", "win32\programs\mllr_transform\mllr_transform.vcxproj", "{87889BA0-3D6D-45D0-8086-45B29C2F6A1B}"
EndProject
Project("{8BC9CEB8-8B4A-11D0-8D11-00A0C91BC942}") = "norm", "win32\programs\norm\norm.vcxproj", "{18126E38-B55E-4122-925C-A27C3E176160}"
EndProject
Project("{8BC9CEB8-8B4A-11D0-8D11-00A0C91BC942}") = "param_cnt", "win32\programs\param_cnt\param_cnt.vcxproj", "{A8CD70EC-5355-4C1C-957B-EECDCC06DDB9}"
EndProject
Project("{8BC9CEB8-8B4A-11D0-8D11-00A0C91BC942}") = "printp", "win32\programs\printp\printp.vcxproj", "{88973E14-2883-4DEF-906F-B6F31C89C343}"
EndProject
Project("{8BC9CEB8-8B4A-11D0-8D11-00A0C91BC942}") = "prunetree", "win32\programs\prunetree\prunetree.vcxproj", "{63867A81-98B5-466F-9AA3-E7E7352E45DE}"
EndProject
Project("{8BC9CEB8-8B4A-11D0-8D11-00A0C91BC942}") = "tiestate", "win32\programs\tiestate\tiestate.vcxproj", "{9EFE81A6-6050-4FAF-940A-4FD5D5270DF3}"
EndProject
Global
	GlobalSection(SolutionConfigurationPlatforms) = preSolution
		Debug|Win32 = Debug|Win32
		Debug|x64 = Debug|x64
		Release|Win32 = Release|Win32
		Release|x64 = Release|x64
	EndGlobalSection
	GlobalSection(ProjectConfigurationPlatforms) = postSolution
		{76E7E46F-944A-46B7-9D22-77466CCA320D}.Debug|Win32.ActiveCfg = Debug|Win32
		{76E7E46F-944A-46B7-9D22-77466CCA320D}.Debug|Win32.Build.0 = Debug|Win32
		{76E7E46F-944A-46B7-9D22-77466CCA320D}.Debug|x64.ActiveCfg = Debug|x64
		{76E7E46F-944A-46B7-9D22-77466CCA320D}.Debug|x64.Build.0 = Debug|x64
		{76E7E46F-944A-46B7-9D22-77466CCA320D}.Release|Win32.ActiveCfg = Release|Win32
		{76E7E46F-944A-46B7-9D22-77466CCA320D}.Release|Win32.Build.0 = Release|Win32
		{76E7E46F-944A-46B7-9D22-77466CCA320D}.Release|x64.ActiveCfg = Release|x64
		{76E7E46F-944A-46B7-9D22-77466CCA320D}.Release|x64.Build.0 = Release|x64
		{039FCB21-1E79-4449-857E-A53FC3023617}.Debug|Win32.ActiveCfg = Debug|Win32
		{039FCB21-1E79-4449-857E-A53FC3023617}.Debug|Win32.Build.0 = Debug|Win32
		{039FCB21-1E79-4449-857E-A53FC3023617}.Debug|x64.ActiveCfg = Debug|x64
		{039FCB21-1E79-4449-857E-A53FC3023617}.Debug|x64.Build.0 = Debug|x64
		{039FCB21-1E79-4449-857E-A53FC3023617}.Release|Win32.ActiveCfg = Release|Win32
		{039FCB21-1E79-4449-857E-A53FC3023617}.Release|Win32.Build.0 = Release|Win32
		{039FCB21-1E79-4449-857E-A53FC3023617}.Release|x64.ActiveCfg = Release|x64
		{039FCB21-1E79-4449-857E-A53FC3023617}.Release|x64.Build.0 = Release|x64
		{5AB457D3-B84E-4567-97C4-E3B1A4594D24}.Debug|Win32.ActiveCfg = Debug|Win32
		{5AB457D3-B84E-4567-97C4-E3B1A4594D24}.Debug|Win32.Build.0 = Debug|Win32
		{5AB457D3-B84E-4567-97C4-E3B1A4594D24}.Debug|x64.ActiveCfg = Debug|x64
		{5AB457D3-B84E-4567-97C4-E3B1A4594D24}.Debug|x64.Build.0 = Debug|x64
		{5AB457D3-B84E-4567-97C4-E3B1A4594D24}.Release|Win32.ActiveCfg = Release|Win32
		{5AB457D3-B84E-4567-97C4-E3B1A4594D24}.Release|Win32.Build.0 = Release|Win32
		{5AB457D3-B84E-4567-97C4-E3B1A4594D24}.Release|x64.ActiveCfg = Release|x64
		{5AB457D3-B84E-4567-97C4-E3B1A4594D24}.Release|x64.Build.0 = Release|x64
		{29EE20F8-56F7-49C4-B301-8C914A299FF7}.Debug|Win32.ActiveCfg = Debug|Win32
		{29EE20F8-56F7-49C4-B301-8C914A299FF7}.Debug|Win32.Build.0 = Debug|Win32
		{29EE20F8-56F7-49C4-B301-8C914A299FF7}.Debug|x64.ActiveCfg = Debug|x64
		{29EE20F8-56F7-49C4-B301-8C914A299FF7}.Debug|x64.Build.0 = Debug|x64
		{29EE20F8-56F7-49C4-B301-8C914A299FF7}.Release|Win32.ActiveCfg = Release|Win32
		{29EE20F8-56F7-49C4-B301-8C914A299FF7}.Release|Win32.Build.0 = Release|Win32
		{29EE20F8-56F7-49C4-B301-8C914A299FF7}.Release|x64.ActiveCfg = Release|x64
		{29EE20F8-56F7-49C4-B301-8C914A299FF7}.Release|x64.Build.0 = Release|x64
		{11408BB4-709F-463B-85FF-1A2C76EF9F65}.Debug|Win32.ActiveCfg = Debug|Win32
		{11408BB4-709F-463B-85FF-1A2C76EF9F65}.Debug|Win32.Build.0 = Debug|Win32
		{11408BB4-709F-463B-85FF-1A2C76EF9F65}.Debug|x64.ActiveCfg = Debug|x64
		{11408BB4-709F-463B-85FF-1A2C76EF9F65}.Debug|x64.Build.0 = Debug|x64
		{11408BB4-709F-463B-85FF-1A2C76EF9F65}.Release|Win32.ActiveCfg = Release|Win32
		{11408BB4-709F-463B-85FF-1A2C76EF9F65}.Release|Win32.Build.0 = Release|Win32
		{11408BB4-709F-463B-85FF-1A2C76EF9F65}.Release|x64.ActiveCfg = Release|x64
		{11408BB4-709F-463B-85FF-1A2C76EF9F65}.Release|x64.Build.0 = Release|x64
		{F3D1D053-5B0F-4395-9B8F-C421B9DA7FCD}.Debug|Win32.ActiveCfg = Debug|Win32
		{F3D1D053-5B0F-4395-9B8F-C421B9DA7FCD}.Debug|Win32.Build.0 = Debug|Win32
		{F3D1D053-5B0F-4395-9B8F-C421B9DA7FCD}.Debug|x64.ActiveCfg = Debug|x64
		{F3D1D053-5B0F-4395-9B8F-C421B9DA7FCD}.Debug|x64.Build.0 = Debug|x64
		{F3D1D053-5B0F-4395-9B8F-C421B9DA7FCD}.Release|Win32.ActiveCfg = Release|Win32
		{F3D1D053-5B0F-4395-9B8F-C421B9DA7FCD}.Release|Win32.Build.0 = Release|Win32
		{F3D1D053-5B0F-4395-9B8F-C421B9DA7FCD}.Release|x64.ActiveCfg = Release|x64
		{F3D1D053-5B0F-4395-9B8F-C421B9DA7FCD}.Release|x64.Build.0 = Release|x64
		{B6F504F7-6328-4478-B9DD-C03016239115}.Debug|Win32.ActiveCfg = Debug|Win32
		{B6F504F7-6328-4478-B9DD-C03016239115}.Debug|Win32.Build.0 = Debug|Win32
		{B6F504F7-6328-4478-B9DD-C03016239115}.Debug|x64.ActiveCfg = Debug|x64
		{B6F504F7-6328-4478-B9DD-C03016239115}.Debug|x64.Build.0 = Debug|x64
		{B6F504F7-6328-4478-B9DD-C03016239115}.Release|Win32.ActiveCfg = Release|Win32
		{B6F504F7-6328-4478-B9DD-C03016239115}.Release|Win32.Build.0 = Release|Win32
		{B6F504F7-6328-4478-B9DD-C03016239115}.Release|x64.ActiveCfg = Release|x64
		{B6F504F7-6328-4478-B9DD-C03016239115}.Release|x64.Build.0 = Release|x64
		{4A811EDC-BC16-4651-B596-030E2543077E}.Debug|Win32.ActiveCfg = Debug|Win32
		{4A811EDC-BC16-4651-B596-030E2543077E}.Debug|Win32.Build.0 = Debug|Win32
		{4A811EDC-BC16-4651-B596-030E2543077E}.Debug|x64.ActiveCfg = Debug|x64
		{4A811EDC-BC16-4651-B596-030E2543077E}.Debug|x64.Build.0 = Debug|x64
		{4A811EDC-BC16-4651-B596-030E2543077E}.Release|Win32.ActiveCfg = Release|Win32
		{4A811EDC-BC16-4651-B596-030E2543077E}.Release|Win32.Build.0 = Release|Win32
		{4A811EDC-BC16-4651-B596-030E2543077E}.Release|x64.ActiveCfg = Release|x64
		{4A811EDC-BC16-4651-B596-030E2543077E}.Release|x64.Build.0 = Release|x64
		{A7D97925-CDDD-4819-8A7F-66992FF05C24}.Debug|Win32.ActiveCfg = Debug|Win32
		{A7D97925-CDDD-4819-8A7F-66992FF05C24}.Debug|Win32.Build.0 = Debug|Win32
		{A7D97925-CDDD-4819-8A7F-66992FF05C24}.Debug|x64.ActiveCfg = Debug|x64
		{A7D97925-CDDD-4819-8A7F-66992FF05C24}.Debug|x64.Build.0 = Debug|x64
		{A7D97925-CDDD-4819-8A7F-66992FF05C24}.Release|Win32.ActiveCfg = Release|Win32
		{A7D97925-CDDD-4819-8A7F-66992FF05C24}.Release|Win32.Build.0 = Release|Win32
		{A7D97925-CDDD-4819-8A7F-66992FF05C24}.Release|x64.ActiveCfg = Release|x64
		{A7D97925-CDDD-4819-8A7F-66992FF05C24}.Release|x64.Build.0 = Release|x64
		{F7FCA232-7253-470B-8254-186710026F32}.Debug|Win32.ActiveCfg = Debug|Win32
		{F7FCA232-7253-470B-8254-186710026F32}.Debug|Win32.Build.0 = Debug|Win32
		{F7FCA232-7253-470B-8254-186710026F32}.Debug|x64.ActiveCfg = Debug|x64
		{F7FCA232-7253-470B-8254-186710026F32}.Debug|x64.Build.0 = Debug|x64
		{F7FCA232-7253-470B-8254-186710026F32}.Release|Win32.ActiveCfg = Release|Win32
		{F7FCA232-7253-470B-8254-186710026F32}.Release|Win32.Build.0 = Release|Win32
		{F7FCA232-7253-470B-8254-186710026F32}.Release|x64.ActiveCfg = Release|x64
		{F7FCA232-7253-470B-8254-186710026F32}.Release|x64.Build.0 = Release|x64
		{BA86ABD2-5DAF-412D-84FA-41BB273C5B34}.Debug|Win32.ActiveCfg = Debug|Win32
		{BA86ABD2-5DAF-412D-84FA-41BB273C5B34}.Debug|Win32.Build.0 = Debug|Win32
		{BA86ABD2-5DAF-412D-84FA-41BB273C5B34}.Debug|x64.ActiveCfg = Debug|x64
		{BA86ABD2-5DAF-412D-84FA-41BB273C5B34}.Debug|x64.Build.0 = Debug|x64
		{BA86ABD2-5DAF-412D-84FA-41BB273C5B34}.Release|Win32.ActiveCfg = Release|Win32
		{BA86ABD2-5DAF-412D-84FA-41BB273C5B34}.Release|Win32.Build.0 = Release|Win32
		{BA86ABD2-5DAF-412D-84FA-41BB273C5B34}.Release|x64.ActiveCfg = Release|x64
		{BA86ABD2-5DAF-412D-84FA-41BB273C5B34}.Release|x64.Build.0 = Release|x64
		{3B278060-750D-4918-AE03-1B8F2ED32DD6}.Debug|Win32.ActiveCfg = Debug|Win32
		{3B278060-750D-4918-AE03-1B8F2ED32DD6}.Debug|Win32.Build.0 = Debug|Win32
		{3B278060-750D-4918-AE03-1B8F2ED32DD6}.Debug|x64.ActiveCfg = Debug|x64
		{3B278060-750D-4918-AE03-1B8F2ED32DD6}.Debug|x64.Build.0 = Debug|x64
		{3B278060-750D-4918-AE03-1B8F2ED32DD6}.Release|Win32.ActiveCfg = Release|Win32
		{3B278060-750D-4918-AE03-1B8F2ED32DD6}.Release|Win32.Build.0 = Release|Win32
		{3B278060-750D-4918-AE03-1B8F2ED32DD6}.Release|x64.ActiveCfg = Release|x64
		{3B278060-750D-4918-AE03-1B8F2ED32DD6}.Release|x64.Build.0 = Release|x64
		{C5392DBC-E1EC-4801-A532-C278C63AC445}.Debug|Win32.ActiveCfg = Debug|Win32
		{C5392DBC-E1EC-4801-A532-C278C63AC445}.Debug|Win32.Build.0 = Debug|Win32
		{C5392DBC-E1EC-4801-A532-C278C63AC445}.Debug|x64.ActiveCfg = Debug|x64
		{C5392DBC-E1EC-4801-A532-C278C63AC445}.Debug|x64.Build.0 = Debug|x64
		{C5392DBC-E1EC-4801-A532-C278C63AC445}.Release|Win32.ActiveCfg = Release|Win32
		{C5392DBC-E1EC-4801-A532-C278C63AC445}.Release|Win32.Build.0 = Release|Win32
		{C5392DBC-E1EC-4801-A532-C278C63AC445}.Release|x64.ActiveCfg = Release|x64
		{C5392DBC-E1EC-4801-A532-C278C63AC445}.Release|x64.Build.0 = Release|x64
		{A07FF398-A675-4546-A1A4-94330982B260}.Debug|Win32.ActiveCfg = Debug|Win32
		{A07FF398-A675-4546-A1A4-94330982B260}.Debug|Win32.Build.0 = Debug|Win32
		{A07FF398-A675-4546-A1A4-94330982B260}.Debug|x64.ActiveCfg = Debug|x64
		{A07FF398-A675-4546-A1A4-94330982B260}.Debug|x64.Build.0 = Debug|x64
		{A07FF398-A675-4546-A1A4-94330982B260}.Release|Win32.ActiveCfg = Release|Win32
		{A07FF398-A675-4546-A1A4-94330982B260}.Release|Win32.Build.0 = Release|Win32
		{A07FF398-A675-4546-A1A4-94330982B260}.Release|x64.ActiveCfg = Release|x64
		{A07FF398-A675-4546-A1A4-94330982B260}.Release|x64.Build.0 = Release|x64
		{D9A5B221-378C-4B99-8460-AD3187D10FBD}.Debug|Win32.ActiveCfg = Debug|Win32
		{D9A5B221-378C-4B99-8460-AD3187D10FBD}.Debug|Win32.Build.0 = Debug|Win32
		{D9A5B221-378C-4B99-8460-AD3187D10FBD}.Debug|x64.ActiveCfg = Debug|x64
		{D9A5B221-378C-4B99-8460-AD3187D10FBD}.Debug|x64.Build.0 = Debug|x64
		{D9A5B221-378C-4B99-8460-AD3187D10FBD}.Release|Win32.ActiveCfg = Release|Win32
		{D9A5B221-378C-4B99-8460-AD3187D10FBD}.Release|Win32.Build.0 = Release|Win32
		{D9A5B221-378C-4B99-8460-AD3187D10FBD}.Release|x64.ActiveCfg = Release|x64
		{D9A5B221-378C-4B99-8460-AD3187D10FBD}.Release|x64.Build.0 = Release|x64
		{E4A5E192-9113-4CAC-8B23-1F28F92638A9}.Debug|Win32.ActiveCfg = Debug|Win32
		{E4A5E192-9113-4CAC-8B23-1F28F92638A9}.Debug|Win32.Build.0 = Debug|Win32
		{E4A5E192-9113-4CAC-8B23-1F28F92638A9}.Debug|x64.ActiveCfg = Debug|x64
		{E4A5E192-9113-4CAC-8B23-1F28F92638A9}.Debug|x64.Build.0 = Debug|x64
		{E4A5E192-9113-4CAC-8B23-1F28F92638A9}.Release|Win32.ActiveCfg = Release|Win32
		{E4A5E192-9113-4CAC-8B23-1F28F92638A9}.Release|Win32.Build.0 = Release|Win32
		{E4A5E192-9113-4CAC-8B23-1F28F92638A9}.Release|x64.ActiveCfg = Release|x64
		{E4A5E192-9113-4CAC-8B23-1F28F92638A9}.Release|x64.Build.0 = Release|x64
		{8C20DB0A-9B28-44F1-81BA-F43C55E26730}.Debug|Win32.ActiveCfg = Debug|Win32
		{8C20DB0A-9B28-44F1-81BA-F43C55E26730}.Debug|Win32.Build.0 = Debug|Win32
		{8C20DB0A-9B28-44F1-81BA-F43C55E26730}.Debug|x64.ActiveCfg = Debug|x64
		{8C20DB0A-9B28-44F1-81BA-F43C55E26730}.Debug|x64.Build.0 = Debug|x64
		{8C20DB0A-9B28-44F1-81BA-F43C55E26730}.Release|Win32.ActiveCfg = Release|Win32
		{8C20DB0A-9B28-44F1-81BA-F43C55E26730}.Release|Win32.Build.0 = Release|Win32
		{8C20DB0A-9B28-44F1-81BA-F43C55E26730}.Release|x64.ActiveCfg = Release|x64
		{8C20DB0A-9B28-44F1-81BA-F43C55E26730}.Release|x64.Build.0 = Release|x64
		{A494CAF2-BFEF-49EA-AFED-F61BF3B32BB4}.Debug|Win32.ActiveCfg = Debug|Win32
		{A494CAF2-BFEF-49EA-AFED-F61BF3B32BB4}.Debug|Win32.Build.0 = Debug|Win32
		{A494CAF2-BFEF-49EA-AFED-F61BF3B32BB4}.Debug|x64.ActiveCfg = Debug|x64
		{A494CAF2-BFEF-49EA-AFED-F61BF3B32BB4}.Debug|x64.Build.0 = Debug|x64
		{A494CAF2-BFEF-49EA-AFED-F61BF3B32BB4}.Release|Win32.ActiveCfg = Release|Win32
		{A494CAF2-BFEF-49EA-AFED-F61BF3B32BB4}.Release|Win32.Build.0 = Release|Win32
		{A494CAF2-BFEF-49EA-AFED-F61BF3B32BB4}.Release|x64.ActiveCfg = Release|x64
		{A494CAF2-BFEF-49EA-AFED-F61BF3B32BB4}.Release|x64.Build.0 = Release|x64
		{0BAA1374-C506-4E7F-AFE7-98A92B4DF84E}.Debug|Win32.ActiveCfg = Debug|Win32
		{0BAA1374-C506-4E7F-AFE7-98A92B4DF84E}.Debug|Win32.Build.0 = Debug|Win32
		{0BAA1374-C506-4E7F-AFE7-98A92B4DF84E}.Debug|x64.ActiveCfg = Debug|x64
		{0BAA1374-C506-4E7F-AFE7-98A92B4DF84E}.Debug|x64.Build.0 = Debug|x64
		{0BAA1374-C506-4E7F-AFE7-98A92B4DF84E}.Release|Win32.ActiveCfg = Release|Win32
		{0BAA1374-C506-4E7F-AFE7-98A92B4DF84E}.Release|Win32.Build.0 = Release|Win32
		{0BAA1374-C506-4E7F-AFE7-98A92B4DF84E}.Release|x64.ActiveCfg = Release|x64
		{0BAA1374-C506-4E7F-AFE7-98A92B4DF84E}.Release|x64.Build.0 = Release|x64
		{1CA2DB8D-B234-4003-9D56-6C8F47DFA2CD}.Debug|Win32.ActiveCfg = Debug|Win32
		{1CA2DB8D-B234-4003-9D56-6C8F47DFA2CD}.Debug|Win32.Build.0 = Debug|Win32
		{1CA2DB8D-B234-4003-9D56-6C8F47DFA2CD}.Debug|x64.ActiveCfg = Debug|x64
		{1CA2DB8D-B234-4003-9D56-6C8F47DFA2CD}.Debug|x64.Build.0 = Debug|x64
		{1CA2DB8D-B234-4003-9D56-6C8F47DFA2CD}.Release|Win32.ActiveCfg = Release|Win32
		{1CA2DB8D-B234-4003-9D56-6C8F47DFA2CD}.Release|Win32.Build.0 = Release|Win32
		{1CA2DB8D-B234-4003-9D56-6C8F47DFA2CD}.Release|x64.ActiveCfg = Release|x64
		{1CA2DB8D-B234-4003-9D56-6C8F47DFA2CD}.Release|x64.Build.0 = Release|x64
		{0A5E0D1C-38CC-4F84-A426-60E831C1BCAF}.Debug|Win32.ActiveCfg = Debug|Win32
		{0A5E0D1C-38CC-4F84-A426-60E831C1BCAF}.Debug|Win32.Build.0 = Debug|Win32
		{0A5E0D1C-38CC-4F84-A426-60E831C1BCAF}.Debug|x64.ActiveCfg = Debug|x64
		{0A5E0D1C-38CC-4F84-A426-60E831C1BCAF}.Debug|x64.Build.0 = Debug|x64
		{0A5E0D1C-38CC-4F84-A426-60E831C1BCAF}.Release|Win32.ActiveCfg = Release|Win32
		{0A5E0D1C-38CC-4F84-A426-60E831C1BCAF}.Release|Win32.Build.0 = Release|Win32
		{0A5E0D1C-38CC-4F84-A426-60E831C1BCAF}.Release|x64.ActiveCfg = Release|x64
		{0A5E0D1C-38CC-4F84-A426-60E831C1BCAF}.Release|x64.Build.0 = Release|x64
		{B5CCF34A-0688-416C-82D3-123FB0B43A87}.Debug|Win32.ActiveCfg = Debug|Win32
		{B5CCF34A-0688-416C-82D3-123FB0B43A87}.Debug|Win32.Build.0 = Debug|Win32
		{B5CCF34A-0688-416C-82D3-123FB0B43A87}.Debug|x64.ActiveCfg = Debug|x64
		{B5CCF34A-0688-416C-82D3-123FB0B43A87}.Debug|x64.Build.0 = Debug|x64
		{B5CCF34A-0688-416C-82D3-123FB0B43A87}.Release|Win32.ActiveCfg = Release|Win32
		{B5CCF34A-0688-416C-82D3-123FB0B43A87}.Release|Win32.Build.0 = Release|Win32
		{B5CCF34A-0688-416C-82D3-123FB0B43A87}.Release|x64.ActiveCfg = Release|x64
		{B5CCF34A-0688-416C-82D3-123FB0B43A87}.Release|x64.Build.0 = Release|x64
		{CB87DEC0-A9B0-43B9-A4EE-D42F33C61257}.Debug|Win32.ActiveCfg = Debug|Win32
		{CB87DEC0-A9B0-43B9-A4EE-D42F33C61257}.Debug|Win32.Build.0 = Debug|Win32
		{CB87DEC0-A9B0-43B9-A4EE-D42F33C61257}.Debug|x64.ActiveCfg = Debug|x64
		{CB87DEC0-A9B0-43B9-A4EE-D42F33C61257}.Debug|x64.Build.0 = Debug|x64
		{CB87DEC0-A9B0-43B9-A4EE-D42F33C61257}.Release|Win32.ActiveCfg = Release|Win32
		{CB87DEC0-A9B0-43B9-A4EE-D42F33C61257}.Release|Win32.Build.0 = Release|Win32
		{CB87DEC0-A9B0-43B9-A4EE-D42F33C61257}.Release|x64.ActiveCfg = Release|x64
		{CB87DEC0-A9B0-43B9-A4EE-D42F33C61257}.Release|x64.Build.0 = Release|x64
		{0815DD29-06A4-46DB-BB08-FB160D0CD196}.Debug|Win32.ActiveCfg = Debug|Win32
		{0815DD29-06A4-46DB-BB08-FB160D0CD196}.Debug|Win32.Build.0 = Debug|Win32
		{0815DD29-06A4-46DB-BB08-FB160D0CD196}.Debug|x64.ActiveCfg = Debug|x64
		{0815DD29-06A4-46DB-BB08-FB160D0CD196}.Debug|x64.Build.0 = Debug|x64
		{0815DD29-06A4-46DB-BB08-FB160D0CD196}.Release|Win32.ActiveCfg = Release|Win32
		{0815DD29-06A4-46DB-BB08-FB160D0CD196}.Release|Win32.Build.0 = Release|Win32
		{0815DD29-06A4-46DB-BB08-FB160D0CD196}.Release|x64.ActiveCfg = Release|x64
		{0815DD29-06A4-46DB-BB08-FB160D0CD196}.Release|x64.Build.0 = Release|x64
		{87889BA0-3D6D-45D0-8086-45B29C2F6A1B}.Debug|Win32.ActiveCfg = Debug|Win32
		{87889BA0-3D6D-45D0-8086-45B29C2F6A1B}.Debug|Win32.Build.0 = Debug|Win32
		{87889BA0-3D6D-45D0-8086-45B29C2F6A1B}.Debug|x64.ActiveCfg = Debug|x64
		{87889BA0-3D6D-45D0-8086-45B29C2F6A1B}.Debug|x64.Build.0 = Debug|x64
		{87889BA0-3D6D-45D0-8086-45B29C2F6A1B}.Release|Win32.ActiveCfg = Release|Win32
		{87889BA0-3D6D-45D0-8086-45B29C2F6A1B}.Release|Win32.Build.0 = Release|Win32
		{87889BA0-3D6D-45D0-8086-45B29C2F6A1B}.Release|x64.ActiveCfg = Release|x64
		{87889BA0-3D6D-45D0-8086-45B29C2F6A1B}.Release|x64.Build.0 = Release|x64
		{18126E38-B55E-4122-925C-A27C3E176160}.Debug|Win32.ActiveCfg = Debug|Win32
		{18126E38-B55E-4122-925C-A27C3E176160}.Debug|Win32.Build.0 = Debug|Win32
		{18126E38-B55E-4122-925C-A27C3E176160}.Debug|x64.ActiveCfg = Debug|x64
		{18126E38-B55E-4122-925C-A27C3E176160}.Debug|x64.Build.0 = Debug|x64
		{18126E38-B55E-4122-925C-A27C3E176160}.Release|Win32.ActiveCfg = Release|Win32
		{18126E38-B55E-4122-925C-A27C3E176160}.Release|Win32.Build.0 = Release|Win32
		{18126E38-B55E-4122-925C-A27C3E176160}.Release|x64.ActiveCfg = Release|x64
		{18126E38-B55E-4122-925C-A27C3E176160}.Release|x64.Build.0 = Release|x64
		{A8CD70EC-5355-4C1C-957B-EECDCC06DDB9}.Debug|Win32.ActiveCfg = Debug|Win32
		{A8CD70EC-5355-4C1C-957B-EECDCC06DDB9}.Debug|Win32.Build.0 = Debug|Win32
		{A8CD70EC-5355-4C1C-957B-EECDCC06DDB9}.Debug|x64.ActiveCfg = Debug|x64
		{A8CD70EC-5355-4C1C-957B-EECDCC06DDB9}.Debug|x64.Build.0 = Debug|x64
		{A8CD70EC-5355-4C1C-957B-EECDCC06DDB9}.Release|Win32.ActiveCfg = Release|Win32
		{A8CD70EC-5355-4C1C-957B-EECDCC06DDB9}.Release|Win32.Build.0 = Release|Win32
		{A8CD70EC-5355-4C1C-957B-EECDCC06DDB9}.Release|x64.ActiveCfg = Release|x64
		{A8CD70EC-5355-4C1C-957B-EECDCC06DDB9}.Release|x64.Build.0 = Release|x64
		{88973E14-2883-4DEF-906F-B6F31C89C343}.Debug|Win32.ActiveCfg = Debug|Win32
		{88973E14-2883-4DEF-906F-B6F31C89C343}.Debug|Win32.Build.0 = Debug|Win32
		{88973E14-2883-4DEF-906F-B6F31C89C343}.Debug|x64.ActiveCfg = Debug|x64
		{88973E14-2883-4DEF-906F-B6F31C89C343}.Debug|x64.Build.0 = Debug|x64
		{88973E14-2883-4DEF-906F-B6F31C89C343}.Release|Win32.ActiveCfg = Release|Win32
		{88973E14-2883-4DEF-906F-B6F31C89C343}.Release|Win32.Build.0 = Release|Win32
		{88973E14-2883-4DEF-906F-B6F31C89C343}.Release|x64.ActiveCfg = Release|x64
		{88973E14-2883-4DEF-906F-B6F31C89C343}.Release|x64.Build.0 = Release|x64
		{63867A81-98B5-466F-9AA3-E7E7352E45DE}.Debug|Win32.ActiveCfg = Debug|Win32
		{63867A81-98B5-466F-9AA3-E7E7352E45DE}.Debug|Win32.Build.0 = Debug|Win32
		{63867A81-98B5-466F-9AA3-E7E7352E45DE}.Debug|x64.ActiveCfg = Debug|x64
		{63867A81-98B5-466F-9AA3-E7E7352E45DE}.Debug|x64.Build.0 = Debug|x64
		{63867A81-98B5-466F-9AA3-E7E7352E45DE}.Release|Win32.ActiveCfg = Release|Win32
		{63867A81-98B5-466F-9AA3-E7E7352E45DE}.Release|Win32.Build.0 = Release|Win32
		{63867A81-98B5-466F-9AA3-E7E7352E45DE}.Release|x64.ActiveCfg = Release|x64
		{63867A81-98B5-466F-9AA3-E7E7352E45DE}.Release|x64.Build.0 = Release|x64
		{9EFE81A6-6050-4FAF-940A-4FD5D5270DF3}.Debug|Win32.ActiveCfg = Debug|Win32
		{9EFE81A6-6050-4FAF-940A-4FD5D5270DF3}.Debug|Win32.Build.0 = Debug|Win32
		{9EFE81A6-6050-4FAF-940A-4FD5D5270DF3}.Debug|x64.ActiveCfg = Debug|x64
		{9EFE81A6-6050-4FAF-940A-4FD5D5270DF3}.Debug|x64.Build.0 = Debug|x64
		{9EFE81A6-6050-4FAF-940A-4FD5D5270DF3}.Release|Win32.ActiveCfg = Release|Win32
		{9EFE81A6-6050-4FAF-940A-4FD5D5270DF3}.Release|Win32.Build.0 = Release|Win32
		{9EFE81A6-6050-4FAF-940A-4FD5D5270DF3}.Release|x64.ActiveCfg = Release|x64
		{9EFE81A6-6050-4FAF-940A-4FD5D5270DF3}.Release|x64.Build.0 = Release|x64
	EndGlobalSection
	GlobalSection(SolutionProperties) = preSolution
		HideSolutionNode = FALSE
	EndGlobalSection
EndGlobal
