<?xml version="1.0" encoding="utf-8"?>
<Project ToolsVersion="4.0" xmlns="http://schemas.microsoft.com/developer/msbuild/2003">
  <ItemGroup>
    <Filter Include="Source Files">
      <UniqueIdentifier>{43a8a8e0-f27e-4697-8b52-b5dfc9e40aa9}</UniqueIdentifier>
      <Extensions>cpp;c;cxx;rc;def;r;odl;idl;hpj;bat</Extensions>
    </Filter>
    <Filter Include="Header Files">
      <UniqueIdentifier>{3ed58edf-d3fb-45d6-bfb2-2d05e80f431f}</UniqueIdentifier>
      <Extensions>h;hpp;hxx;hm;inl</Extensions>
    </Filter>
    <Filter Include="Resource Files">
      <UniqueIdentifier>{748692fc-32ae-4dcb-bcd5-1ccb78ca6d30}</UniqueIdentifier>
      <Extensions>ico;cur;bmp;dlg;rc2;rct;bin;rgs;gif;jpg;jpeg;jpe</Extensions>
    </Filter>
  </ItemGroup>
  <ItemGroup>
    <ClCompile Include="..\..\..\src\programs\init_mixw\main.c">
      <Filter>Source Files</Filter>
    </ClCompile>
    <ClCompile Include="..\..\..\src\programs\init_mixw\parse_cmd_ln.c">
      <Filter>Source Files</Filter>
    </ClCompile>
  </ItemGroup>
  <ItemGroup>
    <ClInclude Include="..\..\..\src\programs\init_mixw\parse_cmd_ln.h">
      <Filter>Header Files</Filter>
    </ClInclude>
  </ItemGroup>
</Project>